// !$*UTF8*$!
{
	archiveVersion = 1;
	classes = {
	};
	objectVersion = 46;
	objects = {

/* Begin PBXBuildFile section */
		EE14E7A61DD0CAAA009F8736 /* Main.storyboard in Resources */ = {isa = PBXBuildFile; fileRef = EE14E7A41DD0CAAA009F8736 /* Main.storyboard */; };
		EE14E7A81DD0CAAA009F8736 /* Assets.xcassets in Resources */ = {isa = PBXBuildFile; fileRef = EE14E7A71DD0CAAA009F8736 /* Assets.xcassets */; };
		EE14E7AB1DD0CAAA009F8736 /* LaunchScreen.storyboard in Resources */ = {isa = PBXBuildFile; fileRef = EE14E7A91DD0CAAA009F8736 /* LaunchScreen.storyboard */; };
		EE14E7B91DD0CBBE009F8736 /* AppDelegate.swift in Sources */ = {isa = PBXBuildFile; fileRef = EE14E7B51DD0CBBE009F8736 /* AppDelegate.swift */; };
		EE14E7BA1DD0CBBE009F8736 /* WelcomeViewController.swift in Sources */ = {isa = PBXBuildFile; fileRef = EE14E7B71DD0CBBE009F8736 /* WelcomeViewController.swift */; };
		EE14E7C01DD0D236009F8736 /* ConfirmViewController.swift in Sources */ = {isa = PBXBuildFile; fileRef = EE14E7BF1DD0D236009F8736 /* ConfirmViewController.swift */; };
		EE14E7C21DD0D23F009F8736 /* LinkViewController.swift in Sources */ = {isa = PBXBuildFile; fileRef = EE14E7C11DD0D23F009F8736 /* LinkViewController.swift */; };
		EE14E7C41DD0DF79009F8736 /* String+Extensions.swift in Sources */ = {isa = PBXBuildFile; fileRef = EE14E7C31DD0DF79009F8736 /* String+Extensions.swift */; };
		EE14E7DE1DD27D08009F8736 /* ProfileManager.swift in Sources */ = {isa = PBXBuildFile; fileRef = EE14E7DD1DD27D08009F8736 /* ProfileManager.swift */; };
		EE5074C31DE892B300A0C73F /* UIViewController+Utilities.swift in Sources */ = {isa = PBXBuildFile; fileRef = EE5074C21DE892B300A0C73F /* UIViewController+Utilities.swift */; };
		EE57D4891DD3703A0099E846 /* JWT.framework in Frameworks */ = {isa = PBXBuildFile; fileRef = EE57D4881DD3703A0099E846 /* JWT.framework */; };
		EE57D48A1DD3703A0099E846 /* JWT.framework in Embed Frameworks */ = {isa = PBXBuildFile; fileRef = EE57D4881DD3703A0099E846 /* JWT.framework */; settings = {ATTRIBUTES = (CodeSignOnCopy, RemoveHeadersOnCopy, ); }; };
		EE57D48D1DD370600099E846 /* C3PRO.framework in Frameworks */ = {isa = PBXBuildFile; fileRef = EE57D48C1DD370600099E846 /* C3PRO.framework */; };
		EE57D48E1DD370600099E846 /* C3PRO.framework in Embed Frameworks */ = {isa = PBXBuildFile; fileRef = EE57D48C1DD370600099E846 /* C3PRO.framework */; settings = {ATTRIBUTES = (CodeSignOnCopy, RemoveHeadersOnCopy, ); }; };
		EE57D4901DD370600099E846 /* SMART.framework in Frameworks */ = {isa = PBXBuildFile; fileRef = EE57D48F1DD370600099E846 /* SMART.framework */; };
		EE57D4911DD370600099E846 /* SMART.framework in Embed Frameworks */ = {isa = PBXBuildFile; fileRef = EE57D48F1DD370600099E846 /* SMART.framework */; settings = {ATTRIBUTES = (CodeSignOnCopy, RemoveHeadersOnCopy, ); }; };
		EE57D4931DD370600099E846 /* ResearchKit.framework in Frameworks */ = {isa = PBXBuildFile; fileRef = EE57D4921DD370600099E846 /* ResearchKit.framework */; };
		EE57D4941DD370600099E846 /* ResearchKit.framework in Embed Frameworks */ = {isa = PBXBuildFile; fileRef = EE57D4921DD370600099E846 /* ResearchKit.framework */; settings = {ATTRIBUTES = (CodeSignOnCopy, RemoveHeadersOnCopy, ); }; };
		EE57D4961DD370600099E846 /* CryptoSwift.framework in Frameworks */ = {isa = PBXBuildFile; fileRef = EE57D4951DD370600099E846 /* CryptoSwift.framework */; };
		EE57D4971DD370600099E846 /* CryptoSwift.framework in Embed Frameworks */ = {isa = PBXBuildFile; fileRef = EE57D4951DD370600099E846 /* CryptoSwift.framework */; settings = {ATTRIBUTES = (CodeSignOnCopy, RemoveHeadersOnCopy, ); }; };
		EE57D4991DD370600099E846 /* SQLite.framework in Frameworks */ = {isa = PBXBuildFile; fileRef = EE57D4981DD370600099E846 /* SQLite.framework */; };
		EE57D49A1DD370600099E846 /* SQLite.framework in Embed Frameworks */ = {isa = PBXBuildFile; fileRef = EE57D4981DD370600099E846 /* SQLite.framework */; settings = {ATTRIBUTES = (CodeSignOnCopy, RemoveHeadersOnCopy, ); }; };
		EEEC78641DEC24B400E7020C /* SCCSViewController.swift in Sources */ = {isa = PBXBuildFile; fileRef = EEEC78631DEC24B400E7020C /* SCCSViewController.swift */; };
		EEEC78671DEC258100E7020C /* ProfileViewController.swift in Sources */ = {isa = PBXBuildFile; fileRef = EEEC78661DEC258100E7020C /* ProfileViewController.swift */; };
		EEEC78691DEC258B00E7020C /* DashboardViewController.swift in Sources */ = {isa = PBXBuildFile; fileRef = EEEC78681DEC258B00E7020C /* DashboardViewController.swift */; };
		EEEC786B1DEC25BE00E7020C /* RootViewController.swift in Sources */ = {isa = PBXBuildFile; fileRef = EEEC786A1DEC25BE00E7020C /* RootViewController.swift */; };
		EEEC786D1DEC28E800E7020C /* AppUser.swift in Sources */ = {isa = PBXBuildFile; fileRef = EEEC786C1DEC28E800E7020C /* AppUser.swift */; };
		EEEC786F1DEC291C00E7020C /* User.swift in Sources */ = {isa = PBXBuildFile; fileRef = EEEC786E1DEC291C00E7020C /* User.swift */; };
		EEEC78711DEC2B4F00E7020C /* AppUserTask.swift in Sources */ = {isa = PBXBuildFile; fileRef = EEEC78701DEC2B4F00E7020C /* AppUserTask.swift */; };
		EEEC78731DEC2B6600E7020C /* UserTask.swift in Sources */ = {isa = PBXBuildFile; fileRef = EEEC78721DEC2B6600E7020C /* UserTask.swift */; };
		EEEC78791DEC3DDA00E7020C /* GraphDataSource.swift in Sources */ = {isa = PBXBuildFile; fileRef = EEEC78781DEC3DDA00E7020C /* GraphDataSource.swift */; };
		EEECC2241DECDF2C005645B8 /* Configuration.swift in Sources */ = {isa = PBXBuildFile; fileRef = EEECC2211DECDF2C005645B8 /* Configuration.swift */; };
/* End PBXBuildFile section */

/* Begin PBXCopyFilesBuildPhase section */
		EE57D48B1DD3703A0099E846 /* Embed Frameworks */ = {
			isa = PBXCopyFilesBuildPhase;
			buildActionMask = 2147483647;
			dstPath = "";
			dstSubfolderSpec = 10;
			files = (
				EE57D48E1DD370600099E846 /* C3PRO.framework in Embed Frameworks */,
				EE57D48A1DD3703A0099E846 /* JWT.framework in Embed Frameworks */,
				EE57D49A1DD370600099E846 /* SQLite.framework in Embed Frameworks */,
				EE57D4941DD370600099E846 /* ResearchKit.framework in Embed Frameworks */,
				EE57D4971DD370600099E846 /* CryptoSwift.framework in Embed Frameworks */,
				EE57D4911DD370600099E846 /* SMART.framework in Embed Frameworks */,
			);
			name = "Embed Frameworks";
			runOnlyForDeploymentPostprocessing = 0;
		};
/* End PBXCopyFilesBuildPhase section */

/* Begin PBXFileReference section */
		EE14E79B1DD0CAAA009F8736 /* C Tracker SCCS.app */ = {isa = PBXFileReference; explicitFileType = wrapper.application; includeInIndex = 0; path = "C Tracker SCCS.app"; sourceTree = BUILT_PRODUCTS_DIR; };
		EE14E7A51DD0CAAA009F8736 /* Base */ = {isa = PBXFileReference; lastKnownFileType = file.storyboard; name = Base; path = Base.lproj/Main.storyboard; sourceTree = "<group>"; };
		EE14E7A71DD0CAAA009F8736 /* Assets.xcassets */ = {isa = PBXFileReference; lastKnownFileType = folder.assetcatalog; path = Assets.xcassets; sourceTree = "<group>"; };
		EE14E7AA1DD0CAAA009F8736 /* Base */ = {isa = PBXFileReference; lastKnownFileType = file.storyboard; name = Base; path = Base.lproj/LaunchScreen.storyboard; sourceTree = "<group>"; };
		EE14E7AC1DD0CAAA009F8736 /* Info.plist */ = {isa = PBXFileReference; lastKnownFileType = text.plist.xml; path = Info.plist; sourceTree = "<group>"; };
		EE14E7B51DD0CBBE009F8736 /* AppDelegate.swift */ = {isa = PBXFileReference; fileEncoding = 4; lastKnownFileType = sourcecode.swift; path = AppDelegate.swift; sourceTree = "<group>"; };
		EE14E7B71DD0CBBE009F8736 /* WelcomeViewController.swift */ = {isa = PBXFileReference; fileEncoding = 4; lastKnownFileType = sourcecode.swift; path = WelcomeViewController.swift; sourceTree = "<group>"; };
		EE14E7BF1DD0D236009F8736 /* ConfirmViewController.swift */ = {isa = PBXFileReference; fileEncoding = 4; lastKnownFileType = sourcecode.swift; path = ConfirmViewController.swift; sourceTree = "<group>"; };
		EE14E7C11DD0D23F009F8736 /* LinkViewController.swift */ = {isa = PBXFileReference; fileEncoding = 4; lastKnownFileType = sourcecode.swift; path = LinkViewController.swift; sourceTree = "<group>"; };
		EE14E7C31DD0DF79009F8736 /* String+Extensions.swift */ = {isa = PBXFileReference; fileEncoding = 4; lastKnownFileType = sourcecode.swift; path = "String+Extensions.swift"; sourceTree = "<group>"; };
		EE14E7DD1DD27D08009F8736 /* ProfileManager.swift */ = {isa = PBXFileReference; fileEncoding = 4; lastKnownFileType = sourcecode.swift; path = ProfileManager.swift; sourceTree = "<group>"; };
		EE5074C21DE892B300A0C73F /* UIViewController+Utilities.swift */ = {isa = PBXFileReference; fileEncoding = 4; lastKnownFileType = sourcecode.swift; path = "UIViewController+Utilities.swift"; sourceTree = "<group>"; };
		EE57D4881DD3703A0099E846 /* JWT.framework */ = {isa = PBXFileReference; lastKnownFileType = wrapper.framework; name = JWT.framework; path = Carthage/Build/iOS/JWT.framework; sourceTree = "<group>"; };
		EE57D48C1DD370600099E846 /* C3PRO.framework */ = {isa = PBXFileReference; explicitFileType = wrapper.framework; path = C3PRO.framework; sourceTree = BUILT_PRODUCTS_DIR; };
		EE57D48F1DD370600099E846 /* SMART.framework */ = {isa = PBXFileReference; explicitFileType = wrapper.framework; path = SMART.framework; sourceTree = BUILT_PRODUCTS_DIR; };
		EE57D4921DD370600099E846 /* ResearchKit.framework */ = {isa = PBXFileReference; explicitFileType = wrapper.framework; path = ResearchKit.framework; sourceTree = BUILT_PRODUCTS_DIR; };
		EE57D4951DD370600099E846 /* CryptoSwift.framework */ = {isa = PBXFileReference; explicitFileType = wrapper.framework; path = CryptoSwift.framework; sourceTree = BUILT_PRODUCTS_DIR; };
		EE57D4981DD370600099E846 /* SQLite.framework */ = {isa = PBXFileReference; explicitFileType = wrapper.framework; path = SQLite.framework; sourceTree = BUILT_PRODUCTS_DIR; };
		EEEC78631DEC24B400E7020C /* SCCSViewController.swift */ = {isa = PBXFileReference; fileEncoding = 4; lastKnownFileType = sourcecode.swift; path = SCCSViewController.swift; sourceTree = "<group>"; };
		EEEC78661DEC258100E7020C /* ProfileViewController.swift */ = {isa = PBXFileReference; fileEncoding = 4; lastKnownFileType = sourcecode.swift; path = ProfileViewController.swift; sourceTree = "<group>"; };
		EEEC78681DEC258B00E7020C /* DashboardViewController.swift */ = {isa = PBXFileReference; fileEncoding = 4; lastKnownFileType = sourcecode.swift; path = DashboardViewController.swift; sourceTree = "<group>"; };
		EEEC786A1DEC25BE00E7020C /* RootViewController.swift */ = {isa = PBXFileReference; fileEncoding = 4; lastKnownFileType = sourcecode.swift; path = RootViewController.swift; sourceTree = "<group>"; };
		EEEC786C1DEC28E800E7020C /* AppUser.swift */ = {isa = PBXFileReference; fileEncoding = 4; lastKnownFileType = sourcecode.swift; path = AppUser.swift; sourceTree = "<group>"; };
		EEEC786E1DEC291C00E7020C /* User.swift */ = {isa = PBXFileReference; fileEncoding = 4; lastKnownFileType = sourcecode.swift; path = User.swift; sourceTree = "<group>"; };
		EEEC78701DEC2B4F00E7020C /* AppUserTask.swift */ = {isa = PBXFileReference; fileEncoding = 4; lastKnownFileType = sourcecode.swift; path = AppUserTask.swift; sourceTree = "<group>"; };
		EEEC78721DEC2B6600E7020C /* UserTask.swift */ = {isa = PBXFileReference; fileEncoding = 4; lastKnownFileType = sourcecode.swift; path = UserTask.swift; sourceTree = "<group>"; };
		EEEC78781DEC3DDA00E7020C /* GraphDataSource.swift */ = {isa = PBXFileReference; fileEncoding = 4; lastKnownFileType = sourcecode.swift; path = GraphDataSource.swift; sourceTree = "<group>"; };
		EEECC2211DECDF2C005645B8 /* Configuration.swift */ = {isa = PBXFileReference; fileEncoding = 4; lastKnownFileType = sourcecode.swift; name = Configuration.swift; path = ../Configuration.swift; sourceTree = "<group>"; };
		EEECC2221DECDF2C005645B8 /* Configuration_Debug.swift */ = {isa = PBXFileReference; fileEncoding = 4; lastKnownFileType = sourcecode.swift; name = Configuration_Debug.swift; path = ../Configuration_Debug.swift; sourceTree = "<group>"; };
		EEECC2231DECDF2C005645B8 /* Configuration_Release.swift */ = {isa = PBXFileReference; fileEncoding = 4; lastKnownFileType = sourcecode.swift; name = Configuration_Release.swift; path = ../Configuration_Release.swift; sourceTree = "<group>"; };
		EEECC2281DECE0AB005645B8 /* preflight.sh */ = {isa = PBXFileReference; lastKnownFileType = text.script.sh; path = preflight.sh; sourceTree = SOURCE_ROOT; };
		EEECC22A1DECE108005645B8 /* postflight.sh */ = {isa = PBXFileReference; lastKnownFileType = text.script.sh; path = postflight.sh; sourceTree = SOURCE_ROOT; };
/* End PBXFileReference section */

/* Begin PBXFrameworksBuildPhase section */
		EE14E7981DD0CAAA009F8736 /* Frameworks */ = {
			isa = PBXFrameworksBuildPhase;
			buildActionMask = 2147483647;
			files = (
				EE57D48D1DD370600099E846 /* C3PRO.framework in Frameworks */,
				EE57D4891DD3703A0099E846 /* JWT.framework in Frameworks */,
				EE57D4991DD370600099E846 /* SQLite.framework in Frameworks */,
				EE57D4931DD370600099E846 /* ResearchKit.framework in Frameworks */,
				EE57D4961DD370600099E846 /* CryptoSwift.framework in Frameworks */,
				EE57D4901DD370600099E846 /* SMART.framework in Frameworks */,
			);
			runOnlyForDeploymentPostprocessing = 0;
		};
/* End PBXFrameworksBuildPhase section */

/* Begin PBXGroup section */
		EE14E7921DD0CAAA009F8736 = {
			isa = PBXGroup;
			children = (
				EE14E7B31DD0CBBE009F8736 /* Sources */,
				EE14E79D1DD0CAAA009F8736 /* App */,
				EE14E7CD1DD18921009F8736 /* Frameworks */,
				EE14E79C1DD0CAAA009F8736 /* Products */,
			);
			sourceTree = "<group>";
		};
		EE14E79C1DD0CAAA009F8736 /* Products */ = {
			isa = PBXGroup;
			children = (
				EE14E79B1DD0CAAA009F8736 /* C Tracker SCCS.app */,
			);
			name = Products;
			sourceTree = "<group>";
		};
		EE14E79D1DD0CAAA009F8736 /* App */ = {
			isa = PBXGroup;
			children = (
				EE14E7A41DD0CAAA009F8736 /* Main.storyboard */,
				EE14E7A71DD0CAAA009F8736 /* Assets.xcassets */,
				EE14E7A91DD0CAAA009F8736 /* LaunchScreen.storyboard */,
				EE14E7AC1DD0CAAA009F8736 /* Info.plist */,
			);
			path = App;
			sourceTree = "<group>";
		};
		EE14E7B31DD0CBBE009F8736 /* Sources */ = {
			isa = PBXGroup;
			children = (
				EEECC2211DECDF2C005645B8 /* Configuration.swift */,
				EEECC2221DECDF2C005645B8 /* Configuration_Debug.swift */,
				EEECC2231DECDF2C005645B8 /* Configuration_Release.swift */,
				EEECC2281DECE0AB005645B8 /* preflight.sh */,
				EEECC22A1DECE108005645B8 /* postflight.sh */,
				EE14E7B41DD0CBBE009F8736 /* App */,
				EE14E7DC1DD27CF7009F8736 /* Profile */,
				EE14E7B61DD0CBBE009F8736 /* ViewController */,
			);
			path = Sources;
			sourceTree = "<group>";
		};
		EE14E7B41DD0CBBE009F8736 /* App */ = {
			isa = PBXGroup;
			children = (
				EE14E7B51DD0CBBE009F8736 /* AppDelegate.swift */,
				EEEC78781DEC3DDA00E7020C /* GraphDataSource.swift */,
				EE14E7C31DD0DF79009F8736 /* String+Extensions.swift */,
			);
			path = App;
			sourceTree = "<group>";
		};
		EE14E7B61DD0CBBE009F8736 /* ViewController */ = {
			isa = PBXGroup;
			children = (
				EEEC786A1DEC25BE00E7020C /* RootViewController.swift */,
				EE14E7B71DD0CBBE009F8736 /* WelcomeViewController.swift */,
				EE14E7C11DD0D23F009F8736 /* LinkViewController.swift */,
				EE14E7BF1DD0D236009F8736 /* ConfirmViewController.swift */,
				EEEC78681DEC258B00E7020C /* DashboardViewController.swift */,
				EEEC78661DEC258100E7020C /* ProfileViewController.swift */,
				EEEC78631DEC24B400E7020C /* SCCSViewController.swift */,
				EE5074C21DE892B300A0C73F /* UIViewController+Utilities.swift */,
			);
			path = ViewController;
			sourceTree = "<group>";
		};
		EE14E7CD1DD18921009F8736 /* Frameworks */ = {
			isa = PBXGroup;
			children = (
				EE57D4981DD370600099E846 /* SQLite.framework */,
				EE57D4951DD370600099E846 /* CryptoSwift.framework */,
				EE57D4921DD370600099E846 /* ResearchKit.framework */,
				EE57D48F1DD370600099E846 /* SMART.framework */,
				EE57D48C1DD370600099E846 /* C3PRO.framework */,
				EE57D4881DD3703A0099E846 /* JWT.framework */,
			);
			name = Frameworks;
			sourceTree = "<group>";
		};
		EE14E7DC1DD27CF7009F8736 /* Profile */ = {
			isa = PBXGroup;
			children = (
				EE14E7DD1DD27D08009F8736 /* ProfileManager.swift */,
				EEEC786E1DEC291C00E7020C /* User.swift */,
				EEEC78721DEC2B6600E7020C /* UserTask.swift */,
				EEEC786C1DEC28E800E7020C /* AppUser.swift */,
				EEEC78701DEC2B4F00E7020C /* AppUserTask.swift */,
			);
			path = Profile;
			sourceTree = "<group>";
		};
/* End PBXGroup section */

/* Begin PBXNativeTarget section */
		EE14E79A1DD0CAAA009F8736 /* C Tracker SCCS */ = {
			isa = PBXNativeTarget;
			buildConfigurationList = EE14E7AF1DD0CAAA009F8736 /* Build configuration list for PBXNativeTarget "C Tracker SCCS" */;
			buildPhases = (
				EEECC2271DECE04C005645B8 /* Run Preflight */,
				EE14E7971DD0CAAA009F8736 /* Sources */,
				EE14E7981DD0CAAA009F8736 /* Frameworks */,
				EE14E7991DD0CAAA009F8736 /* Resources */,
				EE14E7BE1DD0CFC0009F8736 /* Run Carthage copy-frameworks */,
				EE57D48B1DD3703A0099E846 /* Embed Frameworks */,
				EEECC2291DECE0EF005645B8 /* Run Postflight */,
			);
			buildRules = (
			);
			dependencies = (
			);
			name = "C Tracker SCCS";
			productName = "C Tracker SCCS";
			productReference = EE14E79B1DD0CAAA009F8736 /* C Tracker SCCS.app */;
			productType = "com.apple.product-type.application";
		};
/* End PBXNativeTarget section */

/* Begin PBXProject section */
		EE14E7931DD0CAAA009F8736 /* Project object */ = {
			isa = PBXProject;
			attributes = {
				LastSwiftUpdateCheck = 0810;
				LastUpgradeCheck = 0810;
				ORGANIZATIONNAME = SCCS;
				TargetAttributes = {
					EE14E79A1DD0CAAA009F8736 = {
						CreatedOnToolsVersion = 8.1;
						ProvisioningStyle = Automatic;
					};
				};
			};
			buildConfigurationList = EE14E7961DD0CAAA009F8736 /* Build configuration list for PBXProject "C-Tracker-SCCS" */;
			compatibilityVersion = "Xcode 3.2";
			developmentRegion = English;
			hasScannedForEncodings = 0;
			knownRegions = (
				en,
				Base,
			);
			mainGroup = EE14E7921DD0CAAA009F8736;
			productRefGroup = EE14E79C1DD0CAAA009F8736 /* Products */;
			projectDirPath = "";
			projectRoot = "";
			targets = (
				EE14E79A1DD0CAAA009F8736 /* C Tracker SCCS */,
			);
		};
/* End PBXProject section */

/* Begin PBXResourcesBuildPhase section */
		EE14E7991DD0CAAA009F8736 /* Resources */ = {
			isa = PBXResourcesBuildPhase;
			buildActionMask = 2147483647;
			files = (
				EE14E7AB1DD0CAAA009F8736 /* LaunchScreen.storyboard in Resources */,
				EE14E7A81DD0CAAA009F8736 /* Assets.xcassets in Resources */,
				EE14E7A61DD0CAAA009F8736 /* Main.storyboard in Resources */,
			);
			runOnlyForDeploymentPostprocessing = 0;
		};
/* End PBXResourcesBuildPhase section */

/* Begin PBXShellScriptBuildPhase section */
		EE14E7BE1DD0CFC0009F8736 /* Run Carthage copy-frameworks */ = {
			isa = PBXShellScriptBuildPhase;
			buildActionMask = 2147483647;
			files = (
			);
			inputPaths = (
				"$(SRCROOT)/Carthage/Build/iOS/JWT.framework",
				"$(SRCROOT)/Carthage/Build/iOS/C3PRO.framework",
				"$(SRCROOT)/Carthage/Build/iOS/CryptoSwift.framework",
				"$(SRCROOT)/Carthage/Build/iOS/ResearchKit.framework",
				"$(SRCROOT)/Carthage/Build/iOS/SMART.framework",
				"$(SRCROOT)/Carthage/Build/iOS/SQLite.framework",
			);
			name = "Run Carthage copy-frameworks";
			outputPaths = (
			);
			runOnlyForDeploymentPostprocessing = 0;
			shellPath = /bin/sh;
			shellScript = "/usr/local/bin/carthage copy-frameworks\n# must add paths to the frameworks below under \"Input Files\", like: \"$(SRCROOT)/Carthage/Build/iOS/JWT.framework\"";
		};
		EEECC2271DECE04C005645B8 /* Run Preflight */ = {
			isa = PBXShellScriptBuildPhase;
			buildActionMask = 2147483647;
			files = (
			);
			inputPaths = (
			);
			name = "Run Preflight";
			outputPaths = (
			);
			runOnlyForDeploymentPostprocessing = 0;
			shellPath = /bin/sh;
			shellScript = "./preflight.sh\n";
		};
		EEECC2291DECE0EF005645B8 /* Run Postflight */ = {
			isa = PBXShellScriptBuildPhase;
			buildActionMask = 2147483647;
			files = (
			);
			inputPaths = (
			);
			name = "Run Postflight";
			outputPaths = (
			);
			runOnlyForDeploymentPostprocessing = 0;
			shellPath = /bin/sh;
			shellScript = "./postflight.sh\n";
		};
/* End PBXShellScriptBuildPhase section */

/* Begin PBXSourcesBuildPhase section */
		EE14E7971DD0CAAA009F8736 /* Sources */ = {
			isa = PBXSourcesBuildPhase;
			buildActionMask = 2147483647;
			files = (
				EEEC78731DEC2B6600E7020C /* UserTask.swift in Sources */,
				EEEC786F1DEC291C00E7020C /* User.swift in Sources */,
				EE14E7C41DD0DF79009F8736 /* String+Extensions.swift in Sources */,
				EE14E7DE1DD27D08009F8736 /* ProfileManager.swift in Sources */,
				EEEC78711DEC2B4F00E7020C /* AppUserTask.swift in Sources */,
				EE14E7C21DD0D23F009F8736 /* LinkViewController.swift in Sources */,
				EEEC786B1DEC25BE00E7020C /* RootViewController.swift in Sources */,
				EE14E7C01DD0D236009F8736 /* ConfirmViewController.swift in Sources */,
				EE14E7BA1DD0CBBE009F8736 /* WelcomeViewController.swift in Sources */,
				EE14E7B91DD0CBBE009F8736 /* AppDelegate.swift in Sources */,
				EEECC2241DECDF2C005645B8 /* Configuration.swift in Sources */,
				EEEC78671DEC258100E7020C /* ProfileViewController.swift in Sources */,
				EEEC786D1DEC28E800E7020C /* AppUser.swift in Sources */,
				EEEC78691DEC258B00E7020C /* DashboardViewController.swift in Sources */,
				EEEC78791DEC3DDA00E7020C /* GraphDataSource.swift in Sources */,
				EEEC78641DEC24B400E7020C /* SCCSViewController.swift in Sources */,
				EE5074C31DE892B300A0C73F /* UIViewController+Utilities.swift in Sources */,
			);
			runOnlyForDeploymentPostprocessing = 0;
		};
/* End PBXSourcesBuildPhase section */

/* Begin PBXVariantGroup section */
		EE14E7A41DD0CAAA009F8736 /* Main.storyboard */ = {
			isa = PBXVariantGroup;
			children = (
				EE14E7A51DD0CAAA009F8736 /* Base */,
			);
			name = Main.storyboard;
			sourceTree = "<group>";
		};
		EE14E7A91DD0CAAA009F8736 /* LaunchScreen.storyboard */ = {
			isa = PBXVariantGroup;
			children = (
				EE14E7AA1DD0CAAA009F8736 /* Base */,
			);
			name = LaunchScreen.storyboard;
			sourceTree = "<group>";
		};
/* End PBXVariantGroup section */

/* Begin XCBuildConfiguration section */
		EE14E7AD1DD0CAAA009F8736 /* Debug */ = {
			isa = XCBuildConfiguration;
			buildSettings = {
				ALWAYS_SEARCH_USER_PATHS = NO;
				CLANG_ANALYZER_NONNULL = YES;
				CLANG_CXX_LANGUAGE_STANDARD = "gnu++0x";
				CLANG_CXX_LIBRARY = "libc++";
				CLANG_ENABLE_MODULES = YES;
				CLANG_ENABLE_OBJC_ARC = YES;
				CLANG_WARN_BOOL_CONVERSION = YES;
				CLANG_WARN_CONSTANT_CONVERSION = YES;
				CLANG_WARN_DIRECT_OBJC_ISA_USAGE = YES_ERROR;
				CLANG_WARN_DOCUMENTATION_COMMENTS = YES;
				CLANG_WARN_EMPTY_BODY = YES;
				CLANG_WARN_ENUM_CONVERSION = YES;
				CLANG_WARN_INFINITE_RECURSION = YES;
				CLANG_WARN_INT_CONVERSION = YES;
				CLANG_WARN_OBJC_ROOT_CLASS = YES_ERROR;
				CLANG_WARN_SUSPICIOUS_MOVES = YES;
				CLANG_WARN_UNREACHABLE_CODE = YES;
				CLANG_WARN__DUPLICATE_METHOD_MATCH = YES;
				"CODE_SIGN_IDENTITY[sdk=iphoneos*]" = "iPhone Developer";
				COPY_PHASE_STRIP = NO;
				DEBUG_INFORMATION_FORMAT = dwarf;
				ENABLE_STRICT_OBJC_MSGSEND = YES;
				ENABLE_TESTABILITY = YES;
				GCC_C_LANGUAGE_STANDARD = gnu99;
				GCC_DYNAMIC_NO_PIC = NO;
				GCC_NO_COMMON_BLOCKS = YES;
				GCC_OPTIMIZATION_LEVEL = 0;
				GCC_PREPROCESSOR_DEFINITIONS = (
					"DEBUG=1",
					"$(inherited)",
				);
				GCC_WARN_64_TO_32_BIT_CONVERSION = YES;
				GCC_WARN_ABOUT_RETURN_TYPE = YES_ERROR;
				GCC_WARN_UNDECLARED_SELECTOR = YES;
				GCC_WARN_UNINITIALIZED_AUTOS = YES_AGGRESSIVE;
				GCC_WARN_UNUSED_FUNCTION = YES;
				GCC_WARN_UNUSED_VARIABLE = YES;
				IPHONEOS_DEPLOYMENT_TARGET = 9.2;
				MTL_ENABLE_DEBUG_INFO = YES;
				ONLY_ACTIVE_ARCH = YES;
				SDKROOT = iphoneos;
				SWIFT_ACTIVE_COMPILATION_CONDITIONS = DEBUG;
				SWIFT_OPTIMIZATION_LEVEL = "-Onone";
			};
			name = Debug;
		};
		EE14E7AE1DD0CAAA009F8736 /* Release */ = {
			isa = XCBuildConfiguration;
			buildSettings = {
				ALWAYS_SEARCH_USER_PATHS = NO;
				CLANG_ANALYZER_NONNULL = YES;
				CLANG_CXX_LANGUAGE_STANDARD = "gnu++0x";
				CLANG_CXX_LIBRARY = "libc++";
				CLANG_ENABLE_MODULES = YES;
				CLANG_ENABLE_OBJC_ARC = YES;
				CLANG_WARN_BOOL_CONVERSION = YES;
				CLANG_WARN_CONSTANT_CONVERSION = YES;
				CLANG_WARN_DIRECT_OBJC_ISA_USAGE = YES_ERROR;
				CLANG_WARN_DOCUMENTATION_COMMENTS = YES;
				CLANG_WARN_EMPTY_BODY = YES;
				CLANG_WARN_ENUM_CONVERSION = YES;
				CLANG_WARN_INFINITE_RECURSION = YES;
				CLANG_WARN_INT_CONVERSION = YES;
				CLANG_WARN_OBJC_ROOT_CLASS = YES_ERROR;
				CLANG_WARN_SUSPICIOUS_MOVES = YES;
				CLANG_WARN_UNREACHABLE_CODE = YES;
				CLANG_WARN__DUPLICATE_METHOD_MATCH = YES;
				"CODE_SIGN_IDENTITY[sdk=iphoneos*]" = "iPhone Developer";
				COPY_PHASE_STRIP = NO;
				DEBUG_INFORMATION_FORMAT = "dwarf-with-dsym";
				ENABLE_NS_ASSERTIONS = NO;
				ENABLE_STRICT_OBJC_MSGSEND = YES;
				GCC_C_LANGUAGE_STANDARD = gnu99;
				GCC_NO_COMMON_BLOCKS = YES;
				GCC_WARN_64_TO_32_BIT_CONVERSION = YES;
				GCC_WARN_ABOUT_RETURN_TYPE = YES_ERROR;
				GCC_WARN_UNDECLARED_SELECTOR = YES;
				GCC_WARN_UNINITIALIZED_AUTOS = YES_AGGRESSIVE;
				GCC_WARN_UNUSED_FUNCTION = YES;
				GCC_WARN_UNUSED_VARIABLE = YES;
				IPHONEOS_DEPLOYMENT_TARGET = 9.2;
				MTL_ENABLE_DEBUG_INFO = NO;
				SDKROOT = iphoneos;
				SWIFT_OPTIMIZATION_LEVEL = "-Owholemodule";
				VALIDATE_PRODUCT = YES;
			};
			name = Release;
		};
		EE14E7B01DD0CAAA009F8736 /* Debug */ = {
			isa = XCBuildConfiguration;
			buildSettings = {
				ASSETCATALOG_COMPILER_APPICON_NAME = AppIcon;
				FRAMEWORK_SEARCH_PATHS = (
					"$(inherited)",
					"$(PROJECT_DIR)/Carthage/Build/iOS",
				);
				INFOPLIST_FILE = App/Info.plist;
				LD_RUNPATH_SEARCH_PATHS = "$(inherited) @executable_path/Frameworks";
				PRODUCT_BUNDLE_IDENTIFIER = "org.swisshcv.app.ios.C-Tracker-SCCS";
				PRODUCT_NAME = "$(TARGET_NAME)";
				SWIFT_VERSION = 3.0;
			};
			name = Debug;
		};
		EE14E7B11DD0CAAA009F8736 /* Release */ = {
			isa = XCBuildConfiguration;
			buildSettings = {
				ASSETCATALOG_COMPILER_APPICON_NAME = AppIcon;
				FRAMEWORK_SEARCH_PATHS = (
					"$(inherited)",
					"$(PROJECT_DIR)/Carthage/Build/iOS",
				);
				INFOPLIST_FILE = App/Info.plist;
				LD_RUNPATH_SEARCH_PATHS = "$(inherited) @executable_path/Frameworks";
				PRODUCT_BUNDLE_IDENTIFIER = "org.swisshcv.app.ios.C-Tracker-SCCS";
				PRODUCT_NAME = "$(TARGET_NAME)";
				SWIFT_VERSION = 3.0;
			};
			name = Release;
		};
/* End XCBuildConfiguration section */

/* Begin XCConfigurationList section */
		EE14E7961DD0CAAA009F8736 /* Build configuration list for PBXProject "C-Tracker-SCCS" */ = {
			isa = XCConfigurationList;
			buildConfigurations = (
				EE14E7AD1DD0CAAA009F8736 /* Debug */,
				EE14E7AE1DD0CAAA009F8736 /* Release */,
			);
			defaultConfigurationIsVisible = 0;
			defaultConfigurationName = Release;
		};
		EE14E7AF1DD0CAAA009F8736 /* Build configuration list for PBXNativeTarget "C Tracker SCCS" */ = {
			isa = XCConfigurationList;
			buildConfigurations = (
				EE14E7B01DD0CAAA009F8736 /* Debug */,
				EE14E7B11DD0CAAA009F8736 /* Release */,
			);
			defaultConfigurationIsVisible = 0;
			defaultConfigurationName = Release;
		};
/* End XCConfigurationList section */
	};
	rootObject = EE14E7931DD0CAAA009F8736 /* Project object */;
}
