// !$*UTF8*$!
{
	archiveVersion = 1;
	classes = {
	};
	objectVersion = 48;
	objects = {

/* Begin PBXBuildFile section */
		EE0B32881DF1B191009F9939 /* UserTaskPreparer.swift in Sources */ = {isa = PBXBuildFile; fileRef = EE0B32871DF1B191009F9939 /* UserTaskPreparer.swift */; };
		EE0B328E1DF1CAC0009F9939 /* c-tracker.survey-in-app.main.json in Resources */ = {isa = PBXBuildFile; fileRef = EE0B328D1DF1CAC0009F9939 /* c-tracker.survey-in-app.main.json */; };
		EE0F34F81E02E61C003AA556 /* MedicalInfoViewController.swift in Sources */ = {isa = PBXBuildFile; fileRef = EE0F34F41E02E61C003AA556 /* MedicalInfoViewController.swift */; };
		EE0F34F91E02E61C003AA556 /* NotificationsViewController.swift in Sources */ = {isa = PBXBuildFile; fileRef = EE0F34F51E02E61C003AA556 /* NotificationsViewController.swift */; };
		EE0F34FA1E02E61C003AA556 /* LicenseViewController.swift in Sources */ = {isa = PBXBuildFile; fileRef = EE0F34F61E02E61C003AA556 /* LicenseViewController.swift */; };
		EE0F34FB1E02E61C003AA556 /* ClientDebugViewController.swift in Sources */ = {isa = PBXBuildFile; fileRef = EE0F34F71E02E61C003AA556 /* ClientDebugViewController.swift */; };
		EE0F35171E02E68A003AA556 /* Licenses in Resources */ = {isa = PBXBuildFile; fileRef = EE0F35161E02E68A003AA556 /* Licenses */; };
		EE0F35191E02F1BF003AA556 /* GenderPicker.swift in Sources */ = {isa = PBXBuildFile; fileRef = EE0F35181E02F1BF003AA556 /* GenderPicker.swift */; };
		EE0F351B1E02F1C8003AA556 /* HeightPicker.swift in Sources */ = {isa = PBXBuildFile; fileRef = EE0F351A1E02F1C8003AA556 /* HeightPicker.swift */; };
		EE0F35221E02FCA7003AA556 /* HealthKit.framework in Frameworks */ = {isa = PBXBuildFile; fileRef = EE0F35211E02FCA7003AA556 /* HealthKit.framework */; };
		EE14E7A61DD0CAAA009F8736 /* Main.storyboard in Resources */ = {isa = PBXBuildFile; fileRef = EE14E7A41DD0CAAA009F8736 /* Main.storyboard */; };
		EE14E7A81DD0CAAA009F8736 /* Assets.xcassets in Resources */ = {isa = PBXBuildFile; fileRef = EE14E7A71DD0CAAA009F8736 /* Assets.xcassets */; };
		EE14E7AB1DD0CAAA009F8736 /* LaunchScreen.storyboard in Resources */ = {isa = PBXBuildFile; fileRef = EE14E7A91DD0CAAA009F8736 /* LaunchScreen.storyboard */; };
		EE14E7B91DD0CBBE009F8736 /* AppDelegate.swift in Sources */ = {isa = PBXBuildFile; fileRef = EE14E7B51DD0CBBE009F8736 /* AppDelegate.swift */; };
		EE14E7BA1DD0CBBE009F8736 /* WelcomeViewController.swift in Sources */ = {isa = PBXBuildFile; fileRef = EE14E7B71DD0CBBE009F8736 /* WelcomeViewController.swift */; };
		EE14E7C01DD0D236009F8736 /* ConfirmViewController.swift in Sources */ = {isa = PBXBuildFile; fileRef = EE14E7BF1DD0D236009F8736 /* ConfirmViewController.swift */; };
		EE14E7C21DD0D23F009F8736 /* LinkViewController.swift in Sources */ = {isa = PBXBuildFile; fileRef = EE14E7C11DD0D23F009F8736 /* LinkViewController.swift */; };
		EE14E7C41DD0DF79009F8736 /* String+Extensions.swift in Sources */ = {isa = PBXBuildFile; fileRef = EE14E7C31DD0DF79009F8736 /* String+Extensions.swift */; };
		EE14E7DE1DD27D08009F8736 /* ProfileManager.swift in Sources */ = {isa = PBXBuildFile; fileRef = EE14E7DD1DD27D08009F8736 /* ProfileManager.swift */; };
		EE2011A41E4E0A0900913FA7 /* ProfilePersister.swift in Sources */ = {isa = PBXBuildFile; fileRef = EE2011A31E4E0A0900913FA7 /* ProfilePersister.swift */; };
		EE2011A61E4E0B5800913FA7 /* ProfilePersisterToFile.swift in Sources */ = {isa = PBXBuildFile; fileRef = EE2011A51E4E0B5800913FA7 /* ProfilePersisterToFile.swift */; };
		EE252D001DED718B008F5E3E /* UIColor+C3PRO.swift in Sources */ = {isa = PBXBuildFile; fileRef = EE252CFF1DED718B008F5E3E /* UIColor+C3PRO.swift */; };
		EE252D031DED7196008F5E3E /* NotificationManager.swift in Sources */ = {isa = PBXBuildFile; fileRef = EE252D011DED7196008F5E3E /* NotificationManager.swift */; };
		EE252D041DED7196008F5E3E /* UserNotificationManager.swift in Sources */ = {isa = PBXBuildFile; fileRef = EE252D021DED7196008F5E3E /* UserNotificationManager.swift */; };
		EE252D061DED7A4C008F5E3E /* ProfileManagerSettings.swift in Sources */ = {isa = PBXBuildFile; fileRef = EE252D051DED7A4C008F5E3E /* ProfileManagerSettings.swift */; };
		EE252D081DED81A3008F5E3E /* AppError.swift in Sources */ = {isa = PBXBuildFile; fileRef = EE252D071DED81A3008F5E3E /* AppError.swift */; };
		EE252D0A1DED87BC008F5E3E /* ProfileSettings.json in Resources */ = {isa = PBXBuildFile; fileRef = EE252D091DED87BC008F5E3E /* ProfileSettings.json */; };
		EE252D0C1DEDCC5A008F5E3E /* UserTaskSetting.swift in Sources */ = {isa = PBXBuildFile; fileRef = EE252D0B1DEDCC5A008F5E3E /* UserTaskSetting.swift */; };
		EE429DB71E65791000BC6F67 /* CryptoSwift.framework in Frameworks */ = {isa = PBXBuildFile; fileRef = EE429DB61E65791000BC6F67 /* CryptoSwift.framework */; };
		EE4560FA1E79863000B36BC3 /* ProfileTaskHandler.swift in Sources */ = {isa = PBXBuildFile; fileRef = EE4560F91E79863000B36BC3 /* ProfileTaskHandler.swift */; };
		EE45610C1E79871F00B36BC3 /* UserActivityTaskHandler.swift in Sources */ = {isa = PBXBuildFile; fileRef = EE45610B1E79871F00B36BC3 /* UserActivityTaskHandler.swift */; };
		EE492CD31E2E6F470043D531 /* ProfileLink.swift in Sources */ = {isa = PBXBuildFile; fileRef = EE492CD21E2E6F470043D531 /* ProfileLink.swift */; };
		EE492CE61E2E7CC60043D531 /* EstablishViewController.swift in Sources */ = {isa = PBXBuildFile; fileRef = EE492CE51E2E7CC60043D531 /* EstablishViewController.swift */; };
		EE5074C31DE892B300A0C73F /* UIViewController+Utilities.swift in Sources */ = {isa = PBXBuildFile; fileRef = EE5074C21DE892B300A0C73F /* UIViewController+Utilities.swift */; };
		EE7B36D91E543ACB007B1D73 /* AppStoreDescription.txt in Resources */ = {isa = PBXBuildFile; fileRef = EE7B36D51E543ACB007B1D73 /* AppStoreDescription.txt */; };
		EE7B36DC1E544135007B1D73 /* Style.css in Resources */ = {isa = PBXBuildFile; fileRef = EE7B36DB1E544135007B1D73 /* Style.css */; };
		EE7B36E31E544233007B1D73 /* PrivacyPolicy.html in Resources */ = {isa = PBXBuildFile; fileRef = EE7B36E11E544233007B1D73 /* PrivacyPolicy.html */; };
		EE7B36E91E5449BB007B1D73 /* AboutHepC.html in Resources */ = {isa = PBXBuildFile; fileRef = EE7B36E51E5449BB007B1D73 /* AboutHepC.html */; };
		EE7B36EA1E5449BB007B1D73 /* AboutSCCS.html in Resources */ = {isa = PBXBuildFile; fileRef = EE7B36E71E5449BB007B1D73 /* AboutSCCS.html */; };
		EE86F4A31E00029B00922994 /* C3PRO.framework in Frameworks */ = {isa = PBXBuildFile; fileRef = EE86F42A1E0001AD00922994 /* C3PRO.framework */; };
		EE86F4A41E00029B00922994 /* C3PRO.framework in Embed Frameworks */ = {isa = PBXBuildFile; fileRef = EE86F42A1E0001AD00922994 /* C3PRO.framework */; settings = {ATTRIBUTES = (CodeSignOnCopy, RemoveHeadersOnCopy, ); }; };
		EE86F4A71E00029B00922994 /* SMART.framework in Frameworks */ = {isa = PBXBuildFile; fileRef = EE86F4351E0001B600922994 /* SMART.framework */; };
		EE86F4A81E00029B00922994 /* SMART.framework in Embed Frameworks */ = {isa = PBXBuildFile; fileRef = EE86F4351E0001B600922994 /* SMART.framework */; settings = {ATTRIBUTES = (CodeSignOnCopy, RemoveHeadersOnCopy, ); }; };
		EE86F4AB1E00029B00922994 /* SQLite.framework in Frameworks */ = {isa = PBXBuildFile; fileRef = EE86F4471E0001BC00922994 /* SQLite.framework */; };
		EE86F4AC1E00029B00922994 /* SQLite.framework in Embed Frameworks */ = {isa = PBXBuildFile; fileRef = EE86F4471E0001BC00922994 /* SQLite.framework */; settings = {ATTRIBUTES = (CodeSignOnCopy, RemoveHeadersOnCopy, ); }; };
		EE86F4AF1E00029B00922994 /* ResearchKit.framework in Frameworks */ = {isa = PBXBuildFile; fileRef = EE86F45B1E0001C800922994 /* ResearchKit.framework */; };
		EE86F4B01E00029B00922994 /* ResearchKit.framework in Embed Frameworks */ = {isa = PBXBuildFile; fileRef = EE86F45B1E0001C800922994 /* ResearchKit.framework */; settings = {ATTRIBUTES = (CodeSignOnCopy, RemoveHeadersOnCopy, ); }; };
		EE86F4B31E00029B00922994 /* JWT.framework in Frameworks */ = {isa = PBXBuildFile; fileRef = EE86F4721E0001D600922994 /* JWT.framework */; };
		EE86F4B41E00029B00922994 /* JWT.framework in Embed Frameworks */ = {isa = PBXBuildFile; fileRef = EE86F4721E0001D600922994 /* JWT.framework */; settings = {ATTRIBUTES = (CodeSignOnCopy, RemoveHeadersOnCopy, ); }; };
		EE87B2BA1E081B2C00719A71 /* QRCodeScanner.swift in Sources */ = {isa = PBXBuildFile; fileRef = EE87B2B91E081B2C00719A71 /* QRCodeScanner.swift */; };
		EE87B2D01E081D9700719A71 /* AVFoundation.framework in Frameworks */ = {isa = PBXBuildFile; fileRef = EE87B2CF1E081D9700719A71 /* AVFoundation.framework */; };
		EE957D581E044156004FADB4 /* InfoPlist.strings in Resources */ = {isa = PBXBuildFile; fileRef = EE957D5A1E044156004FADB4 /* InfoPlist.strings */; };
		EE98525D1E3A1C5000A88D72 /* Localizable.strings in Resources */ = {isa = PBXBuildFile; fileRef = EE98525B1E3A1C5000A88D72 /* Localizable.strings */; };
		EE98D2A51E0160EC001BC845 /* ProfileSettingsDebug.json in Resources */ = {isa = PBXBuildFile; fileRef = EE98D2A41E0160EC001BC845 /* ProfileSettingsDebug.json */; };
		EEAEA1361E78497000C29EC3 /* LicenseAgreement.html in Resources */ = {isa = PBXBuildFile; fileRef = EEAEA1341E78497000C29EC3 /* LicenseAgreement.html */; };
		EEB82F1D1E65E7360084E030 /* AboutTheStudy.html in Resources */ = {isa = PBXBuildFile; fileRef = EEB82F191E65E7360084E030 /* AboutTheStudy.html */; };
		EEB82F1E1E65E7360084E030 /* WhoCanParticipate.html in Resources */ = {isa = PBXBuildFile; fileRef = EEB82F1B1E65E7360084E030 /* WhoCanParticipate.html */; };
		EEB82F291E66C3CE0084E030 /* Smooch.framework in Frameworks */ = {isa = PBXBuildFile; fileRef = EEB82F281E66C3CE0084E030 /* Smooch.framework */; };
		EEB82F2C1E66D37D0084E030 /* SmoochLocalizable.strings in Resources */ = {isa = PBXBuildFile; fileRef = EEB82F2E1E66D37D0084E030 /* SmoochLocalizable.strings */; };
		EEB82F321E66D5940084E030 /* AssetsLibrary.framework in Frameworks */ = {isa = PBXBuildFile; fileRef = EEB82F311E66D5940084E030 /* AssetsLibrary.framework */; };
		EEB82F341E66D59E0084E030 /* CFNetwork.framework in Frameworks */ = {isa = PBXBuildFile; fileRef = EEB82F331E66D59E0084E030 /* CFNetwork.framework */; };
		EEB82F361E66D5AF0084E030 /* SystemConfiguration.framework in Frameworks */ = {isa = PBXBuildFile; fileRef = EEB82F351E66D5AF0084E030 /* SystemConfiguration.framework */; };
		EEB833641E685E890084E030 /* Hepatitis-Flyer-2016.pdf in Resources */ = {isa = PBXBuildFile; fileRef = EEB833621E685E890084E030 /* Hepatitis-Flyer-2016.pdf */; };
		EEB8336D1E686FCD0084E030 /* StudyIntro.storyboard in Resources */ = {isa = PBXBuildFile; fileRef = EEB8336B1E686FCD0084E030 /* StudyIntro.storyboard */; };
		EEB833751E6886930084E030 /* LockableTabBarController.swift in Sources */ = {isa = PBXBuildFile; fileRef = EEB833741E6886930084E030 /* LockableTabBarController.swift */; };
		EEB833761E688DD50084E030 /* StudyOverview.json in Resources */ = {isa = PBXBuildFile; fileRef = EEB833781E688DD50084E030 /* StudyOverview.json */; };
		EEB8338B1E6898FC0084E030 /* HowItWorks.html in Resources */ = {isa = PBXBuildFile; fileRef = EEB833871E6898FC0084E030 /* HowItWorks.html */; };
		EEB8338C1E6898FC0084E030 /* StudyAndHowItWorks.html in Resources */ = {isa = PBXBuildFile; fileRef = EEB833891E6898FC0084E030 /* StudyAndHowItWorks.html */; };
		EEDDAC7D1E40ED84007D4056 /* StudyTableViewController.swift in Sources */ = {isa = PBXBuildFile; fileRef = EEDDAC7C1E40ED84007D4056 /* StudyTableViewController.swift */; };
		EEDDAC901E40EF51007D4056 /* ShareTableViewController.swift in Sources */ = {isa = PBXBuildFile; fileRef = EEDDAC8F1E40EF51007D4056 /* ShareTableViewController.swift */; };
		EEEC78671DEC258100E7020C /* ProfileViewController.swift in Sources */ = {isa = PBXBuildFile; fileRef = EEEC78661DEC258100E7020C /* ProfileViewController.swift */; };
		EEEC78691DEC258B00E7020C /* DashboardViewController.swift in Sources */ = {isa = PBXBuildFile; fileRef = EEEC78681DEC258B00E7020C /* DashboardViewController.swift */; };
		EEEC786B1DEC25BE00E7020C /* RootViewController.swift in Sources */ = {isa = PBXBuildFile; fileRef = EEEC786A1DEC25BE00E7020C /* RootViewController.swift */; };
		EEEC786D1DEC28E800E7020C /* AppUser.swift in Sources */ = {isa = PBXBuildFile; fileRef = EEEC786C1DEC28E800E7020C /* AppUser.swift */; };
		EEEC786F1DEC291C00E7020C /* User.swift in Sources */ = {isa = PBXBuildFile; fileRef = EEEC786E1DEC291C00E7020C /* User.swift */; };
		EEEC78711DEC2B4F00E7020C /* AppUserTask.swift in Sources */ = {isa = PBXBuildFile; fileRef = EEEC78701DEC2B4F00E7020C /* AppUserTask.swift */; };
		EEEC78731DEC2B6600E7020C /* UserTask.swift in Sources */ = {isa = PBXBuildFile; fileRef = EEEC78721DEC2B6600E7020C /* UserTask.swift */; };
		EEEC78791DEC3DDA00E7020C /* GraphDataSource.swift in Sources */ = {isa = PBXBuildFile; fileRef = EEEC78781DEC3DDA00E7020C /* GraphDataSource.swift */; };
		EEECC2241DECDF2C005645B8 /* Configuration.swift in Sources */ = {isa = PBXBuildFile; fileRef = EEECC2211DECDF2C005645B8 /* Configuration.swift */; };
		EEFC6B331DF5CCB900D03A84 /* c-tracker.survey-in-app.withdrawal.json in Resources */ = {isa = PBXBuildFile; fileRef = EEFC6B321DF5CCB900D03A84 /* c-tracker.survey-in-app.withdrawal.json */; };
/* End PBXBuildFile section */

/* Begin PBXContainerItemProxy section */
		EE86F4291E0001AD00922994 /* PBXContainerItemProxy */ = {
			isa = PBXContainerItemProxy;
			containerPortal = EE86F4241E0001AD00922994 /* C3PRO.xcodeproj */;
			proxyType = 2;
			remoteGlobalIDString = EEFA84BB1AE5C18B00E61006;
			remoteInfo = C3PRO;
		};
		EE86F42B1E0001AD00922994 /* PBXContainerItemProxy */ = {
			isa = PBXContainerItemProxy;
			containerPortal = EE86F4241E0001AD00922994 /* C3PRO.xcodeproj */;
			proxyType = 2;
			remoteGlobalIDString = EEFA84C61AE5C18B00E61006;
			remoteInfo = C3PROTests;
		};
		EE86F4341E0001B600922994 /* PBXContainerItemProxy */ = {
			isa = PBXContainerItemProxy;
			containerPortal = EE86F42D1E0001B500922994 /* SwiftSMART.xcodeproj */;
			proxyType = 2;
			remoteGlobalIDString = EE43B1A919546D880017679A;
			remoteInfo = "SwiftSMART-iOS";
		};
		EE86F4361E0001B600922994 /* PBXContainerItemProxy */ = {
			isa = PBXContainerItemProxy;
			containerPortal = EE86F42D1E0001B500922994 /* SwiftSMART.xcodeproj */;
			proxyType = 2;
			remoteGlobalIDString = EE43B1B319546D880017679A;
			remoteInfo = "SwiftSMART-iOSTests";
		};
		EE86F4381E0001B600922994 /* PBXContainerItemProxy */ = {
			isa = PBXContainerItemProxy;
			containerPortal = EE86F42D1E0001B500922994 /* SwiftSMART.xcodeproj */;
			proxyType = 2;
			remoteGlobalIDString = EECAA7831A5D3DE60062C64B;
			remoteInfo = "SwiftSMART-macOS";
		};
		EE86F43A1E0001B600922994 /* PBXContainerItemProxy */ = {
			isa = PBXContainerItemProxy;
			containerPortal = EE86F42D1E0001B500922994 /* SwiftSMART.xcodeproj */;
			proxyType = 2;
			remoteGlobalIDString = EE13AA921A5D44D100B901FD;
			remoteInfo = "SwiftSMART-macOSTests";
		};
		EE86F4461E0001BC00922994 /* PBXContainerItemProxy */ = {
			isa = PBXContainerItemProxy;
			containerPortal = EE86F43C1E0001BC00922994 /* SQLite.xcodeproj */;
			proxyType = 2;
			remoteGlobalIDString = EE247AD31C3F04ED00AE3E12;
			remoteInfo = "SQLite iOS";
		};
		EE86F4481E0001BC00922994 /* PBXContainerItemProxy */ = {
			isa = PBXContainerItemProxy;
			containerPortal = EE86F43C1E0001BC00922994 /* SQLite.xcodeproj */;
			proxyType = 2;
			remoteGlobalIDString = EE247ADD1C3F04ED00AE3E12;
			remoteInfo = "SQLiteTests iOS";
		};
		EE86F44A1E0001BC00922994 /* PBXContainerItemProxy */ = {
			isa = PBXContainerItemProxy;
			containerPortal = EE86F43C1E0001BC00922994 /* SQLite.xcodeproj */;
			proxyType = 2;
			remoteGlobalIDString = EE247B3C1C3F3ED000AE3E12;
			remoteInfo = "SQLite Mac";
		};
		EE86F44C1E0001BC00922994 /* PBXContainerItemProxy */ = {
			isa = PBXContainerItemProxy;
			containerPortal = EE86F43C1E0001BC00922994 /* SQLite.xcodeproj */;
			proxyType = 2;
			remoteGlobalIDString = EE247B451C3F3ED000AE3E12;
			remoteInfo = "SQLiteTests Mac";
		};
		EE86F44E1E0001BC00922994 /* PBXContainerItemProxy */ = {
			isa = PBXContainerItemProxy;
			containerPortal = EE86F43C1E0001BC00922994 /* SQLite.xcodeproj */;
			proxyType = 2;
			remoteGlobalIDString = 03A65E5A1C6BB0F50062603F;
			remoteInfo = "SQLite tvOS";
		};
		EE86F4501E0001BC00922994 /* PBXContainerItemProxy */ = {
			isa = PBXContainerItemProxy;
			containerPortal = EE86F43C1E0001BC00922994 /* SQLite.xcodeproj */;
			proxyType = 2;
			remoteGlobalIDString = 03A65E631C6BB0F60062603F;
			remoteInfo = "SQLiteTests tvOS";
		};
		EE86F4521E0001BC00922994 /* PBXContainerItemProxy */ = {
			isa = PBXContainerItemProxy;
			containerPortal = EE86F43C1E0001BC00922994 /* SQLite.xcodeproj */;
			proxyType = 2;
			remoteGlobalIDString = A121AC451CA35C79005A31D1;
			remoteInfo = "SQLite watchOS";
		};
		EE86F45A1E0001C800922994 /* PBXContainerItemProxy */ = {
			isa = PBXContainerItemProxy;
			containerPortal = EE86F4541E0001C700922994 /* ResearchKit.xcodeproj */;
			proxyType = 2;
			remoteGlobalIDString = B183A5951A8535D100C76870;
			remoteInfo = ResearchKit;
		};
		EE86F45C1E0001C800922994 /* PBXContainerItemProxy */ = {
			isa = PBXContainerItemProxy;
			containerPortal = EE86F4541E0001C700922994 /* ResearchKit.xcodeproj */;
			proxyType = 2;
			remoteGlobalIDString = 86CC8E9A1AC09332001CCD89;
			remoteInfo = ResearchKitTests;
		};
		EE86F46F1E0001D600922994 /* PBXContainerItemProxy */ = {
			isa = PBXContainerItemProxy;
			containerPortal = EE86F4671E0001D600922994 /* JWT.xcodeproj */;
			proxyType = 2;
			remoteGlobalIDString = 279D639C1AD07FFF0024E2BC;
			remoteInfo = "JWT-OSX";
		};
		EE86F4711E0001D600922994 /* PBXContainerItemProxy */ = {
			isa = PBXContainerItemProxy;
			containerPortal = EE86F4671E0001D600922994 /* JWT.xcodeproj */;
			proxyType = 2;
			remoteGlobalIDString = CD9B62231C7753D8005D4844;
			remoteInfo = "JWT-iOS";
		};
		EE86F4731E0001D600922994 /* PBXContainerItemProxy */ = {
			isa = PBXContainerItemProxy;
			containerPortal = EE86F4671E0001D600922994 /* JWT.xcodeproj */;
			proxyType = 2;
			remoteGlobalIDString = CD9B62351C7753EC005D4844;
			remoteInfo = "JWT-tvOS";
		};
		EE86F4751E0001D600922994 /* PBXContainerItemProxy */ = {
			isa = PBXContainerItemProxy;
			containerPortal = EE86F4671E0001D600922994 /* JWT.xcodeproj */;
			proxyType = 2;
			remoteGlobalIDString = CD9B62471C7753FB005D4844;
			remoteInfo = "JWT-watchOS";
		};
		EE86F4771E0001D600922994 /* PBXContainerItemProxy */ = {
			isa = PBXContainerItemProxy;
			containerPortal = EE86F4671E0001D600922994 /* JWT.xcodeproj */;
			proxyType = 2;
			remoteGlobalIDString = 279D63A71AD07FFF0024E2BC;
			remoteInfo = JWTTests;
		};
		EE86F4831E0001FE00922994 /* PBXContainerItemProxy */ = {
			isa = PBXContainerItemProxy;
			containerPortal = EE86F4671E0001D600922994 /* JWT.xcodeproj */;
			proxyType = 1;
			remoteGlobalIDString = CD9B62131C7753D8005D4844;
			remoteInfo = "JWT-iOS";
		};
		EE86F48E1E00024200922994 /* PBXContainerItemProxy */ = {
			isa = PBXContainerItemProxy;
			containerPortal = EE86F4241E0001AD00922994 /* C3PRO.xcodeproj */;
			proxyType = 1;
			remoteGlobalIDString = EEFA84BA1AE5C18B00E61006;
			remoteInfo = C3PRO;
		};
		EE86F4921E00024200922994 /* PBXContainerItemProxy */ = {
			isa = PBXContainerItemProxy;
			containerPortal = EE86F42D1E0001B500922994 /* SwiftSMART.xcodeproj */;
			proxyType = 1;
			remoteGlobalIDString = EE43B1A819546D880017679A;
			remoteInfo = "SwiftSMART-iOS";
		};
		EE86F4961E00024200922994 /* PBXContainerItemProxy */ = {
			isa = PBXContainerItemProxy;
			containerPortal = EE86F43C1E0001BC00922994 /* SQLite.xcodeproj */;
			proxyType = 1;
			remoteGlobalIDString = EE247AD21C3F04ED00AE3E12;
			remoteInfo = "SQLite iOS";
		};
		EE86F49A1E00024200922994 /* PBXContainerItemProxy */ = {
			isa = PBXContainerItemProxy;
			containerPortal = EE86F4541E0001C700922994 /* ResearchKit.xcodeproj */;
			proxyType = 1;
			remoteGlobalIDString = B183A4731A8535D100C76870;
			remoteInfo = ResearchKit;
		};
		EE86F4A51E00029B00922994 /* PBXContainerItemProxy */ = {
			isa = PBXContainerItemProxy;
			containerPortal = EE86F4241E0001AD00922994 /* C3PRO.xcodeproj */;
			proxyType = 1;
			remoteGlobalIDString = EEFA84BA1AE5C18B00E61006;
			remoteInfo = C3PRO;
		};
		EE86F4A91E00029B00922994 /* PBXContainerItemProxy */ = {
			isa = PBXContainerItemProxy;
			containerPortal = EE86F42D1E0001B500922994 /* SwiftSMART.xcodeproj */;
			proxyType = 1;
			remoteGlobalIDString = EE43B1A819546D880017679A;
			remoteInfo = "SwiftSMART-iOS";
		};
		EE86F4AD1E00029B00922994 /* PBXContainerItemProxy */ = {
			isa = PBXContainerItemProxy;
			containerPortal = EE86F43C1E0001BC00922994 /* SQLite.xcodeproj */;
			proxyType = 1;
			remoteGlobalIDString = EE247AD21C3F04ED00AE3E12;
			remoteInfo = "SQLite iOS";
		};
		EE86F4B11E00029B00922994 /* PBXContainerItemProxy */ = {
			isa = PBXContainerItemProxy;
			containerPortal = EE86F4541E0001C700922994 /* ResearchKit.xcodeproj */;
			proxyType = 1;
			remoteGlobalIDString = B183A4731A8535D100C76870;
			remoteInfo = ResearchKit;
		};
		EE86F4B51E00029B00922994 /* PBXContainerItemProxy */ = {
			isa = PBXContainerItemProxy;
			containerPortal = EE86F4671E0001D600922994 /* JWT.xcodeproj */;
			proxyType = 1;
			remoteGlobalIDString = CD9B62131C7753D8005D4844;
			remoteInfo = "JWT-iOS";
		};
/* End PBXContainerItemProxy section */

/* Begin PBXCopyFilesBuildPhase section */
		EE86F4B91E00029C00922994 /* Embed Frameworks */ = {
			isa = PBXCopyFilesBuildPhase;
			buildActionMask = 2147483647;
			dstPath = "";
			dstSubfolderSpec = 10;
			files = (
				EE86F4A81E00029B00922994 /* SMART.framework in Embed Frameworks */,
				EE86F4A41E00029B00922994 /* C3PRO.framework in Embed Frameworks */,
				EE86F4B41E00029B00922994 /* JWT.framework in Embed Frameworks */,
				EE86F4B01E00029B00922994 /* ResearchKit.framework in Embed Frameworks */,
				EE86F4AC1E00029B00922994 /* SQLite.framework in Embed Frameworks */,
			);
			name = "Embed Frameworks";
			runOnlyForDeploymentPostprocessing = 0;
		};
/* End PBXCopyFilesBuildPhase section */

/* Begin PBXFileReference section */
		EE0B32871DF1B191009F9939 /* UserTaskPreparer.swift */ = {isa = PBXFileReference; fileEncoding = 4; lastKnownFileType = sourcecode.swift; path = UserTaskPreparer.swift; sourceTree = "<group>"; };
		EE0B328C1DF1CA90009F9939 /* README.md */ = {isa = PBXFileReference; lastKnownFileType = net.daringfireball.markdown; path = README.md; sourceTree = "<group>"; };
		EE0B328D1DF1CAC0009F9939 /* c-tracker.survey-in-app.main.json */ = {isa = PBXFileReference; fileEncoding = 4; lastKnownFileType = text.json; path = "c-tracker.survey-in-app.main.json"; sourceTree = "<group>"; };
		EE0F34F41E02E61C003AA556 /* MedicalInfoViewController.swift */ = {isa = PBXFileReference; fileEncoding = 4; lastKnownFileType = sourcecode.swift; path = MedicalInfoViewController.swift; sourceTree = "<group>"; };
		EE0F34F51E02E61C003AA556 /* NotificationsViewController.swift */ = {isa = PBXFileReference; fileEncoding = 4; lastKnownFileType = sourcecode.swift; path = NotificationsViewController.swift; sourceTree = "<group>"; };
		EE0F34F61E02E61C003AA556 /* LicenseViewController.swift */ = {isa = PBXFileReference; fileEncoding = 4; lastKnownFileType = sourcecode.swift; path = LicenseViewController.swift; sourceTree = "<group>"; };
		EE0F34F71E02E61C003AA556 /* ClientDebugViewController.swift */ = {isa = PBXFileReference; fileEncoding = 4; lastKnownFileType = sourcecode.swift; path = ClientDebugViewController.swift; sourceTree = "<group>"; };
		EE0F35161E02E68A003AA556 /* Licenses */ = {isa = PBXFileReference; lastKnownFileType = folder; name = Licenses; path = App/Licenses; sourceTree = "<group>"; };
		EE0F35181E02F1BF003AA556 /* GenderPicker.swift */ = {isa = PBXFileReference; fileEncoding = 4; lastKnownFileType = sourcecode.swift; path = GenderPicker.swift; sourceTree = "<group>"; };
		EE0F351A1E02F1C8003AA556 /* HeightPicker.swift */ = {isa = PBXFileReference; fileEncoding = 4; lastKnownFileType = sourcecode.swift; path = HeightPicker.swift; sourceTree = "<group>"; };
		EE0F35201E02FC9C003AA556 /* C Tracker.entitlements */ = {isa = PBXFileReference; lastKnownFileType = text.plist.entitlements; name = "C Tracker.entitlements"; path = "../C Tracker.entitlements"; sourceTree = "<group>"; };
		EE0F35211E02FCA7003AA556 /* HealthKit.framework */ = {isa = PBXFileReference; lastKnownFileType = wrapper.framework; name = HealthKit.framework; path = System/Library/Frameworks/HealthKit.framework; sourceTree = SDKROOT; };
		EE14E79B1DD0CAAA009F8736 /* C Tracker.app */ = {isa = PBXFileReference; explicitFileType = wrapper.application; includeInIndex = 0; path = "C Tracker.app"; sourceTree = BUILT_PRODUCTS_DIR; };
		EE14E7A51DD0CAAA009F8736 /* Base */ = {isa = PBXFileReference; lastKnownFileType = file.storyboard; name = Base; path = Base.lproj/Main.storyboard; sourceTree = "<group>"; };
		EE14E7A71DD0CAAA009F8736 /* Assets.xcassets */ = {isa = PBXFileReference; lastKnownFileType = folder.assetcatalog; name = Assets.xcassets; path = App/Assets.xcassets; sourceTree = "<group>"; };
		EE14E7AA1DD0CAAA009F8736 /* Base */ = {isa = PBXFileReference; lastKnownFileType = file.storyboard; name = Base; path = Base.lproj/LaunchScreen.storyboard; sourceTree = "<group>"; };
		EE14E7AC1DD0CAAA009F8736 /* Info.plist */ = {isa = PBXFileReference; lastKnownFileType = text.plist.xml; path = Info.plist; sourceTree = "<group>"; };
		EE14E7B51DD0CBBE009F8736 /* AppDelegate.swift */ = {isa = PBXFileReference; fileEncoding = 4; lastKnownFileType = sourcecode.swift; path = AppDelegate.swift; sourceTree = "<group>"; };
		EE14E7B71DD0CBBE009F8736 /* WelcomeViewController.swift */ = {isa = PBXFileReference; fileEncoding = 4; lastKnownFileType = sourcecode.swift; path = WelcomeViewController.swift; sourceTree = "<group>"; };
		EE14E7BF1DD0D236009F8736 /* ConfirmViewController.swift */ = {isa = PBXFileReference; fileEncoding = 4; lastKnownFileType = sourcecode.swift; path = ConfirmViewController.swift; sourceTree = "<group>"; };
		EE14E7C11DD0D23F009F8736 /* LinkViewController.swift */ = {isa = PBXFileReference; fileEncoding = 4; lastKnownFileType = sourcecode.swift; path = LinkViewController.swift; sourceTree = "<group>"; };
		EE14E7C31DD0DF79009F8736 /* String+Extensions.swift */ = {isa = PBXFileReference; fileEncoding = 4; lastKnownFileType = sourcecode.swift; path = "String+Extensions.swift"; sourceTree = "<group>"; };
		EE14E7DD1DD27D08009F8736 /* ProfileManager.swift */ = {isa = PBXFileReference; fileEncoding = 4; lastKnownFileType = sourcecode.swift; path = ProfileManager.swift; sourceTree = "<group>"; };
		EE2011A31E4E0A0900913FA7 /* ProfilePersister.swift */ = {isa = PBXFileReference; fileEncoding = 4; lastKnownFileType = sourcecode.swift; path = ProfilePersister.swift; sourceTree = "<group>"; };
		EE2011A51E4E0B5800913FA7 /* ProfilePersisterToFile.swift */ = {isa = PBXFileReference; fileEncoding = 4; lastKnownFileType = sourcecode.swift; path = ProfilePersisterToFile.swift; sourceTree = "<group>"; };
		EE252CFF1DED718B008F5E3E /* UIColor+C3PRO.swift */ = {isa = PBXFileReference; fileEncoding = 4; lastKnownFileType = sourcecode.swift; path = "UIColor+C3PRO.swift"; sourceTree = "<group>"; };
		EE252D011DED7196008F5E3E /* NotificationManager.swift */ = {isa = PBXFileReference; fileEncoding = 4; lastKnownFileType = sourcecode.swift; path = NotificationManager.swift; sourceTree = "<group>"; };
		EE252D021DED7196008F5E3E /* UserNotificationManager.swift */ = {isa = PBXFileReference; fileEncoding = 4; lastKnownFileType = sourcecode.swift; path = UserNotificationManager.swift; sourceTree = "<group>"; };
		EE252D051DED7A4C008F5E3E /* ProfileManagerSettings.swift */ = {isa = PBXFileReference; fileEncoding = 4; lastKnownFileType = sourcecode.swift; path = ProfileManagerSettings.swift; sourceTree = "<group>"; };
		EE252D071DED81A3008F5E3E /* AppError.swift */ = {isa = PBXFileReference; fileEncoding = 4; lastKnownFileType = sourcecode.swift; path = AppError.swift; sourceTree = "<group>"; };
		EE252D091DED87BC008F5E3E /* ProfileSettings.json */ = {isa = PBXFileReference; fileEncoding = 4; lastKnownFileType = text.json; path = ProfileSettings.json; sourceTree = SOURCE_ROOT; };
		EE252D0B1DEDCC5A008F5E3E /* UserTaskSetting.swift */ = {isa = PBXFileReference; fileEncoding = 4; lastKnownFileType = sourcecode.swift; path = UserTaskSetting.swift; sourceTree = "<group>"; };
		EE429DB61E65791000BC6F67 /* CryptoSwift.framework */ = {isa = PBXFileReference; lastKnownFileType = wrapper.framework; name = CryptoSwift.framework; path = Carthage/Build/iOS/CryptoSwift.framework; sourceTree = "<group>"; };
		EE4560F91E79863000B36BC3 /* ProfileTaskHandler.swift */ = {isa = PBXFileReference; fileEncoding = 4; lastKnownFileType = sourcecode.swift; path = ProfileTaskHandler.swift; sourceTree = "<group>"; };
		EE45610B1E79871F00B36BC3 /* UserActivityTaskHandler.swift */ = {isa = PBXFileReference; fileEncoding = 4; lastKnownFileType = sourcecode.swift; path = UserActivityTaskHandler.swift; sourceTree = "<group>"; };
		EE492CD21E2E6F470043D531 /* ProfileLink.swift */ = {isa = PBXFileReference; fileEncoding = 4; lastKnownFileType = sourcecode.swift; path = ProfileLink.swift; sourceTree = "<group>"; };
		EE492CE51E2E7CC60043D531 /* EstablishViewController.swift */ = {isa = PBXFileReference; fileEncoding = 4; lastKnownFileType = sourcecode.swift; path = EstablishViewController.swift; sourceTree = "<group>"; };
		EE5074C21DE892B300A0C73F /* UIViewController+Utilities.swift */ = {isa = PBXFileReference; fileEncoding = 4; lastKnownFileType = sourcecode.swift; path = "UIViewController+Utilities.swift"; sourceTree = "<group>"; };
		EE7B36D61E543ACB007B1D73 /* de */ = {isa = PBXFileReference; lastKnownFileType = text; name = de; path = de.lproj/AppStoreDescription.txt; sourceTree = "<group>"; };
		EE7B36D71E543ACB007B1D73 /* en */ = {isa = PBXFileReference; lastKnownFileType = text; name = en; path = en.lproj/AppStoreDescription.txt; sourceTree = "<group>"; };
		EE7B36DB1E544135007B1D73 /* Style.css */ = {isa = PBXFileReference; fileEncoding = 4; lastKnownFileType = text.css; name = Style.css; path = App/Style.css; sourceTree = "<group>"; };
		EE7B36E21E544233007B1D73 /* en */ = {isa = PBXFileReference; lastKnownFileType = text.html; name = en; path = en.lproj/PrivacyPolicy.html; sourceTree = "<group>"; };
		EE7B36E41E544237007B1D73 /* de */ = {isa = PBXFileReference; lastKnownFileType = text.html; name = de; path = de.lproj/PrivacyPolicy.html; sourceTree = "<group>"; };
		EE7B36E61E5449BB007B1D73 /* en */ = {isa = PBXFileReference; lastKnownFileType = text.html; name = en; path = en.lproj/AboutHepC.html; sourceTree = "<group>"; };
		EE7B36E81E5449BB007B1D73 /* en */ = {isa = PBXFileReference; lastKnownFileType = text.html; name = en; path = en.lproj/AboutSCCS.html; sourceTree = "<group>"; };
		EE7B36EB1E5449C2007B1D73 /* de */ = {isa = PBXFileReference; lastKnownFileType = text.html; name = de; path = de.lproj/AboutHepC.html; sourceTree = "<group>"; };
		EE7B36EC1E5449C8007B1D73 /* de */ = {isa = PBXFileReference; lastKnownFileType = text.html; name = de; path = de.lproj/AboutSCCS.html; sourceTree = "<group>"; };
		EE86F4241E0001AD00922994 /* C3PRO.xcodeproj */ = {isa = PBXFileReference; lastKnownFileType = "wrapper.pb-project"; name = C3PRO.xcodeproj; path = "c3-pro-ios-framework/C3PRO.xcodeproj"; sourceTree = "<group>"; };
		EE86F42D1E0001B500922994 /* SwiftSMART.xcodeproj */ = {isa = PBXFileReference; lastKnownFileType = "wrapper.pb-project"; name = SwiftSMART.xcodeproj; path = "c3-pro-ios-framework/Swift-SMART/SwiftSMART.xcodeproj"; sourceTree = "<group>"; };
		EE86F43C1E0001BC00922994 /* SQLite.xcodeproj */ = {isa = PBXFileReference; lastKnownFileType = "wrapper.pb-project"; name = SQLite.xcodeproj; path = "c3-pro-ios-framework/SQLiteSwift/SQLite.xcodeproj"; sourceTree = "<group>"; };
		EE86F4541E0001C700922994 /* ResearchKit.xcodeproj */ = {isa = PBXFileReference; lastKnownFileType = "wrapper.pb-project"; name = ResearchKit.xcodeproj; path = "c3-pro-ios-framework/ResearchKit/ResearchKit.xcodeproj"; sourceTree = "<group>"; };
		EE86F4671E0001D600922994 /* JWT.xcodeproj */ = {isa = PBXFileReference; lastKnownFileType = "wrapper.pb-project"; name = JWT.xcodeproj; path = JSONWebToken.swift/JWT.xcodeproj; sourceTree = "<group>"; };
		EE87B2B91E081B2C00719A71 /* QRCodeScanner.swift */ = {isa = PBXFileReference; fileEncoding = 4; lastKnownFileType = sourcecode.swift; path = QRCodeScanner.swift; sourceTree = "<group>"; };
		EE87B2CF1E081D9700719A71 /* AVFoundation.framework */ = {isa = PBXFileReference; lastKnownFileType = wrapper.framework; name = AVFoundation.framework; path = System/Library/Frameworks/AVFoundation.framework; sourceTree = SDKROOT; };
		EE957D531E042B94004FADB4 /* de */ = {isa = PBXFileReference; lastKnownFileType = text.plist.strings; name = de; path = de.lproj/LaunchScreen.strings; sourceTree = "<group>"; };
		EE957D591E044156004FADB4 /* en */ = {isa = PBXFileReference; lastKnownFileType = text.plist.strings; name = en; path = en.lproj/InfoPlist.strings; sourceTree = "<group>"; };
		EE957D5B1E044159004FADB4 /* de */ = {isa = PBXFileReference; lastKnownFileType = text.plist.strings; name = de; path = de.lproj/InfoPlist.strings; sourceTree = "<group>"; };
		EE9852571E3A110600A88D72 /* fr */ = {isa = PBXFileReference; lastKnownFileType = text.plist.strings; name = fr; path = fr.lproj/LaunchScreen.strings; sourceTree = "<group>"; };
		EE9852591E3A110700A88D72 /* fr */ = {isa = PBXFileReference; lastKnownFileType = text.plist.strings; name = fr; path = fr.lproj/InfoPlist.strings; sourceTree = "<group>"; };
		EE98525C1E3A1C5000A88D72 /* en */ = {isa = PBXFileReference; lastKnownFileType = text.plist.strings; name = en; path = en.lproj/Localizable.strings; sourceTree = "<group>"; };
		EE98525E1E3A1C5600A88D72 /* de */ = {isa = PBXFileReference; lastKnownFileType = text.plist.strings; name = de; path = de.lproj/Localizable.strings; sourceTree = "<group>"; };
		EE98525F1E3A1C5900A88D72 /* fr */ = {isa = PBXFileReference; lastKnownFileType = text.plist.strings; name = fr; path = fr.lproj/Localizable.strings; sourceTree = "<group>"; };
		EE98D2A41E0160EC001BC845 /* ProfileSettingsDebug.json */ = {isa = PBXFileReference; fileEncoding = 4; lastKnownFileType = text.json; path = ProfileSettingsDebug.json; sourceTree = SOURCE_ROOT; };
		EEAEA1351E78497000C29EC3 /* de */ = {isa = PBXFileReference; lastKnownFileType = text.html; name = de; path = App/de.lproj/LicenseAgreement.html; sourceTree = "<group>"; };
		EEAEA1471E78497800C29EC3 /* en */ = {isa = PBXFileReference; lastKnownFileType = text.html; name = en; path = App/en.lproj/LicenseAgreement.html; sourceTree = "<group>"; };
		EEAEA1481E78497A00C29EC3 /* fr */ = {isa = PBXFileReference; lastKnownFileType = text.html; name = fr; path = App/fr.lproj/LicenseAgreement.html; sourceTree = "<group>"; };
		EEB82F1A1E65E7360084E030 /* en */ = {isa = PBXFileReference; lastKnownFileType = text.html; name = en; path = App/en.lproj/AboutTheStudy.html; sourceTree = "<group>"; };
		EEB82F1C1E65E7360084E030 /* en */ = {isa = PBXFileReference; lastKnownFileType = text.html; name = en; path = App/en.lproj/WhoCanParticipate.html; sourceTree = "<group>"; };
		EEB82F1F1E65E7490084E030 /* de */ = {isa = PBXFileReference; lastKnownFileType = text.html; name = de; path = App/de.lproj/AboutTheStudy.html; sourceTree = "<group>"; };
		EEB82F201E65E74C0084E030 /* fr */ = {isa = PBXFileReference; lastKnownFileType = text.html; name = fr; path = App/fr.lproj/AboutTheStudy.html; sourceTree = "<group>"; };
		EEB82F211E65E7500084E030 /* de */ = {isa = PBXFileReference; lastKnownFileType = text.html; name = de; path = App/de.lproj/WhoCanParticipate.html; sourceTree = "<group>"; };
		EEB82F221E65E7530084E030 /* fr */ = {isa = PBXFileReference; lastKnownFileType = text.html; name = fr; path = App/fr.lproj/WhoCanParticipate.html; sourceTree = "<group>"; };
		EEB82F281E66C3CE0084E030 /* Smooch.framework */ = {isa = PBXFileReference; lastKnownFileType = wrapper.framework; name = Smooch.framework; path = Carthage/Build/iOS/Smooch.framework; sourceTree = "<group>"; };
		EEB82F2D1E66D37D0084E030 /* en */ = {isa = PBXFileReference; lastKnownFileType = text.plist.strings; name = en; path = en.lproj/SmoochLocalizable.strings; sourceTree = "<group>"; };
		EEB82F2F1E66D37E0084E030 /* de */ = {isa = PBXFileReference; lastKnownFileType = text.plist.strings; name = de; path = de.lproj/SmoochLocalizable.strings; sourceTree = "<group>"; };
		EEB82F301E66D3800084E030 /* fr */ = {isa = PBXFileReference; lastKnownFileType = text.plist.strings; name = fr; path = fr.lproj/SmoochLocalizable.strings; sourceTree = "<group>"; };
		EEB82F311E66D5940084E030 /* AssetsLibrary.framework */ = {isa = PBXFileReference; lastKnownFileType = wrapper.framework; name = AssetsLibrary.framework; path = System/Library/Frameworks/AssetsLibrary.framework; sourceTree = SDKROOT; };
		EEB82F331E66D59E0084E030 /* CFNetwork.framework */ = {isa = PBXFileReference; lastKnownFileType = wrapper.framework; name = CFNetwork.framework; path = System/Library/Frameworks/CFNetwork.framework; sourceTree = SDKROOT; };
		EEB82F351E66D5AF0084E030 /* SystemConfiguration.framework */ = {isa = PBXFileReference; lastKnownFileType = wrapper.framework; name = SystemConfiguration.framework; path = System/Library/Frameworks/SystemConfiguration.framework; sourceTree = SDKROOT; };
		EEB833631E685E890084E030 /* de */ = {isa = PBXFileReference; lastKnownFileType = image.pdf; name = de; path = "c-tracker-sccs-content/de.lproj/Hepatitis-Flyer-2016.pdf"; sourceTree = "<group>"; };
		EEB833651E685E900084E030 /* en */ = {isa = PBXFileReference; lastKnownFileType = image.pdf; name = en; path = "c-tracker-sccs-content/en.lproj/Hepatitis-Flyer-2016.pdf"; sourceTree = "<group>"; };
		EEB833661E685E930084E030 /* fr */ = {isa = PBXFileReference; lastKnownFileType = image.pdf; name = fr; path = "c-tracker-sccs-content/fr.lproj/Hepatitis-Flyer-2016.pdf"; sourceTree = "<group>"; };
		EEB8336C1E686FCD0084E030 /* Base */ = {isa = PBXFileReference; lastKnownFileType = file.storyboard; name = Base; path = App/Base.lproj/StudyIntro.storyboard; sourceTree = "<group>"; };
		EEB833741E6886930084E030 /* LockableTabBarController.swift */ = {isa = PBXFileReference; fileEncoding = 4; lastKnownFileType = sourcecode.swift; path = LockableTabBarController.swift; sourceTree = "<group>"; };
		EEB833771E688DD50084E030 /* en */ = {isa = PBXFileReference; lastKnownFileType = text.json; name = en; path = en.lproj/StudyOverview.json; sourceTree = "<group>"; };
		EEB8337E1E688F420084E030 /* de */ = {isa = PBXFileReference; lastKnownFileType = text.plist.strings; name = de; path = App/de.lproj/StudyIntro.strings; sourceTree = "<group>"; };
		EEB8337F1E688FA30084E030 /* de */ = {isa = PBXFileReference; lastKnownFileType = text.json; name = de; path = de.lproj/StudyOverview.json; sourceTree = "<group>"; };
		EEB833811E6891C10084E030 /* fr */ = {isa = PBXFileReference; lastKnownFileType = text.plist.strings; name = fr; path = App/fr.lproj/StudyIntro.strings; sourceTree = "<group>"; };
		EEB833821E6891F40084E030 /* fr */ = {isa = PBXFileReference; lastKnownFileType = text.json; name = fr; path = fr.lproj/StudyOverview.json; sourceTree = "<group>"; };
		EEB833841E6893CE0084E030 /* de */ = {isa = PBXFileReference; lastKnownFileType = text.plist.strings; name = de; path = de.lproj/Main.strings; sourceTree = "<group>"; };
		EEB833861E6893DE0084E030 /* fr */ = {isa = PBXFileReference; lastKnownFileType = text.plist.strings; name = fr; path = fr.lproj/Main.strings; sourceTree = "<group>"; };
		EEB833881E6898FC0084E030 /* en */ = {isa = PBXFileReference; lastKnownFileType = text.html; name = en; path = App/en.lproj/HowItWorks.html; sourceTree = "<group>"; };
		EEB8338A1E6898FC0084E030 /* en */ = {isa = PBXFileReference; lastKnownFileType = text.html; name = en; path = App/en.lproj/StudyAndHowItWorks.html; sourceTree = "<group>"; };
		EEB8338D1E6899050084E030 /* de */ = {isa = PBXFileReference; lastKnownFileType = text.html; name = de; path = App/de.lproj/HowItWorks.html; sourceTree = "<group>"; };
		EEB8338E1E6899080084E030 /* fr */ = {isa = PBXFileReference; lastKnownFileType = text.html; name = fr; path = App/fr.lproj/HowItWorks.html; sourceTree = "<group>"; };
		EEB8338F1E68990F0084E030 /* de */ = {isa = PBXFileReference; lastKnownFileType = text.html; name = de; path = App/de.lproj/StudyAndHowItWorks.html; sourceTree = "<group>"; };
		EEB833901E6899120084E030 /* fr */ = {isa = PBXFileReference; lastKnownFileType = text.html; name = fr; path = App/fr.lproj/StudyAndHowItWorks.html; sourceTree = "<group>"; };
		EEDDAC7C1E40ED84007D4056 /* StudyTableViewController.swift */ = {isa = PBXFileReference; fileEncoding = 4; lastKnownFileType = sourcecode.swift; path = StudyTableViewController.swift; sourceTree = "<group>"; };
		EEDDAC8F1E40EF51007D4056 /* ShareTableViewController.swift */ = {isa = PBXFileReference; fileEncoding = 4; lastKnownFileType = sourcecode.swift; path = ShareTableViewController.swift; sourceTree = "<group>"; };
		EEEC78661DEC258100E7020C /* ProfileViewController.swift */ = {isa = PBXFileReference; fileEncoding = 4; lastKnownFileType = sourcecode.swift; path = ProfileViewController.swift; sourceTree = "<group>"; };
		EEEC78681DEC258B00E7020C /* DashboardViewController.swift */ = {isa = PBXFileReference; fileEncoding = 4; lastKnownFileType = sourcecode.swift; path = DashboardViewController.swift; sourceTree = "<group>"; };
		EEEC786A1DEC25BE00E7020C /* RootViewController.swift */ = {isa = PBXFileReference; fileEncoding = 4; lastKnownFileType = sourcecode.swift; path = RootViewController.swift; sourceTree = "<group>"; };
		EEEC786C1DEC28E800E7020C /* AppUser.swift */ = {isa = PBXFileReference; fileEncoding = 4; lastKnownFileType = sourcecode.swift; path = AppUser.swift; sourceTree = "<group>"; };
		EEEC786E1DEC291C00E7020C /* User.swift */ = {isa = PBXFileReference; fileEncoding = 4; lastKnownFileType = sourcecode.swift; path = User.swift; sourceTree = "<group>"; };
		EEEC78701DEC2B4F00E7020C /* AppUserTask.swift */ = {isa = PBXFileReference; fileEncoding = 4; lastKnownFileType = sourcecode.swift; path = AppUserTask.swift; sourceTree = "<group>"; };
		EEEC78721DEC2B6600E7020C /* UserTask.swift */ = {isa = PBXFileReference; fileEncoding = 4; lastKnownFileType = sourcecode.swift; path = UserTask.swift; sourceTree = "<group>"; };
		EEEC78781DEC3DDA00E7020C /* GraphDataSource.swift */ = {isa = PBXFileReference; fileEncoding = 4; lastKnownFileType = sourcecode.swift; path = GraphDataSource.swift; sourceTree = "<group>"; };
		EEECC2211DECDF2C005645B8 /* Configuration.swift */ = {isa = PBXFileReference; fileEncoding = 4; lastKnownFileType = sourcecode.swift; name = Configuration.swift; path = ../Configuration.swift; sourceTree = "<group>"; };
		EEECC2221DECDF2C005645B8 /* Configuration_Debug.swift */ = {isa = PBXFileReference; fileEncoding = 4; lastKnownFileType = sourcecode.swift; name = Configuration_Debug.swift; path = ../Configuration_Debug.swift; sourceTree = "<group>"; };
		EEECC2231DECDF2C005645B8 /* Configuration_Release.swift */ = {isa = PBXFileReference; fileEncoding = 4; lastKnownFileType = sourcecode.swift; name = Configuration_Release.swift; path = ../Configuration_Release.swift; sourceTree = "<group>"; };
		EEECC2281DECE0AB005645B8 /* preflight.sh */ = {isa = PBXFileReference; lastKnownFileType = text.script.sh; path = preflight.sh; sourceTree = SOURCE_ROOT; };
		EEECC22A1DECE108005645B8 /* postflight.sh */ = {isa = PBXFileReference; lastKnownFileType = text.script.sh; path = postflight.sh; sourceTree = SOURCE_ROOT; };
		EEFC6B321DF5CCB900D03A84 /* c-tracker.survey-in-app.withdrawal.json */ = {isa = PBXFileReference; fileEncoding = 4; lastKnownFileType = text.json; path = "c-tracker.survey-in-app.withdrawal.json"; sourceTree = "<group>"; };
		EEFC6B351DF5CD4700D03A84 /* README.md */ = {isa = PBXFileReference; lastKnownFileType = net.daringfireball.markdown; path = README.md; sourceTree = SOURCE_ROOT; };
/* End PBXFileReference section */

/* Begin PBXFrameworksBuildPhase section */
		EE14E7981DD0CAAA009F8736 /* Frameworks */ = {
			isa = PBXFrameworksBuildPhase;
			buildActionMask = 2147483647;
			files = (
				EEB82F361E66D5AF0084E030 /* SystemConfiguration.framework in Frameworks */,
				EEB82F341E66D59E0084E030 /* CFNetwork.framework in Frameworks */,
				EEB82F321E66D5940084E030 /* AssetsLibrary.framework in Frameworks */,
				EE87B2D01E081D9700719A71 /* AVFoundation.framework in Frameworks */,
				EE86F4A71E00029B00922994 /* SMART.framework in Frameworks */,
				EE86F4A31E00029B00922994 /* C3PRO.framework in Frameworks */,
				EE86F4B31E00029B00922994 /* JWT.framework in Frameworks */,
				EE0F35221E02FCA7003AA556 /* HealthKit.framework in Frameworks */,
				EE86F4AF1E00029B00922994 /* ResearchKit.framework in Frameworks */,
				EE86F4AB1E00029B00922994 /* SQLite.framework in Frameworks */,
				EE429DB71E65791000BC6F67 /* CryptoSwift.framework in Frameworks */,
				EEB82F291E66C3CE0084E030 /* Smooch.framework in Frameworks */,
			);
			runOnlyForDeploymentPostprocessing = 0;
		};
/* End PBXFrameworksBuildPhase section */

/* Begin PBXGroup section */
		EE0B328A1DF1CA90009F9939 /* c-tracker-sccs-questionnaires */ = {
			isa = PBXGroup;
			children = (
				EE0B328C1DF1CA90009F9939 /* README.md */,
				EE0B328D1DF1CAC0009F9939 /* c-tracker.survey-in-app.main.json */,
				EEFC6B321DF5CCB900D03A84 /* c-tracker.survey-in-app.withdrawal.json */,
			);
			path = "c-tracker-sccs-questionnaires";
			sourceTree = "<group>";
		};
		EE14E7921DD0CAAA009F8736 = {
			isa = PBXGroup;
			children = (
				EE14E7B31DD0CBBE009F8736 /* Sources */,
				EEB82F181E6589180084E030 /* UI */,
				EE14E79D1DD0CAAA009F8736 /* Assets */,
				EE0B328A1DF1CA90009F9939 /* c-tracker-sccs-questionnaires */,
				EE7B36D41E543ACB007B1D73 /* c-tracker-sccs-content */,
				EE14E7CD1DD18921009F8736 /* Frameworks */,
				EE14E79C1DD0CAAA009F8736 /* Products */,
				EE86F4241E0001AD00922994 /* C3PRO.xcodeproj */,
				EE86F42D1E0001B500922994 /* SwiftSMART.xcodeproj */,
				EE86F43C1E0001BC00922994 /* SQLite.xcodeproj */,
				EE86F4541E0001C700922994 /* ResearchKit.xcodeproj */,
				EE86F4671E0001D600922994 /* JWT.xcodeproj */,
			);
			sourceTree = "<group>";
		};
		EE14E79C1DD0CAAA009F8736 /* Products */ = {
			isa = PBXGroup;
			children = (
				EE14E79B1DD0CAAA009F8736 /* C Tracker.app */,
			);
			name = Products;
			sourceTree = "<group>";
		};
		EE14E79D1DD0CAAA009F8736 /* Assets */ = {
			isa = PBXGroup;
			children = (
				EEFC6B351DF5CD4700D03A84 /* README.md */,
				EE14E7AC1DD0CAAA009F8736 /* Info.plist */,
				EE957D5A1E044156004FADB4 /* InfoPlist.strings */,
				EE98525B1E3A1C5000A88D72 /* Localizable.strings */,
				EEB82F2E1E66D37D0084E030 /* SmoochLocalizable.strings */,
				EE0F35201E02FC9C003AA556 /* C Tracker.entitlements */,
			);
			name = Assets;
			path = App;
			sourceTree = "<group>";
		};
		EE14E7B31DD0CBBE009F8736 /* Sources */ = {
			isa = PBXGroup;
			children = (
				EEECC2211DECDF2C005645B8 /* Configuration.swift */,
				EEECC2221DECDF2C005645B8 /* Configuration_Debug.swift */,
				EEECC2231DECDF2C005645B8 /* Configuration_Release.swift */,
				EE252D091DED87BC008F5E3E /* ProfileSettings.json */,
				EE98D2A41E0160EC001BC845 /* ProfileSettingsDebug.json */,
				EEECC2281DECE0AB005645B8 /* preflight.sh */,
				EEECC22A1DECE108005645B8 /* postflight.sh */,
				EE14E7B41DD0CBBE009F8736 /* App */,
				EE87B2A71E081AF100719A71 /* Scan */,
				EE14E7DC1DD27CF7009F8736 /* Profile */,
				EE14E7B61DD0CBBE009F8736 /* ViewController */,
			);
			path = Sources;
			sourceTree = "<group>";
		};
		EE14E7B41DD0CBBE009F8736 /* App */ = {
			isa = PBXGroup;
			children = (
				EE14E7B51DD0CBBE009F8736 /* AppDelegate.swift */,
				EE252D071DED81A3008F5E3E /* AppError.swift */,
				EEEC78781DEC3DDA00E7020C /* GraphDataSource.swift */,
				EE0F35181E02F1BF003AA556 /* GenderPicker.swift */,
				EE0F351A1E02F1C8003AA556 /* HeightPicker.swift */,
				EE14E7C31DD0DF79009F8736 /* String+Extensions.swift */,
				EE252CFF1DED718B008F5E3E /* UIColor+C3PRO.swift */,
			);
			path = App;
			sourceTree = "<group>";
		};
		EE14E7B61DD0CBBE009F8736 /* ViewController */ = {
			isa = PBXGroup;
			children = (
				EEEC786A1DEC25BE00E7020C /* RootViewController.swift */,
				EE14E7B71DD0CBBE009F8736 /* WelcomeViewController.swift */,
				EE14E7C11DD0D23F009F8736 /* LinkViewController.swift */,
				EE14E7BF1DD0D236009F8736 /* ConfirmViewController.swift */,
				EE492CE51E2E7CC60043D531 /* EstablishViewController.swift */,
				EEEC78681DEC258B00E7020C /* DashboardViewController.swift */,
				EEEC78661DEC258100E7020C /* ProfileViewController.swift */,
				EE0F34F41E02E61C003AA556 /* MedicalInfoViewController.swift */,
				EE0F34F51E02E61C003AA556 /* NotificationsViewController.swift */,
				EE0F34F61E02E61C003AA556 /* LicenseViewController.swift */,
				EE0F34F71E02E61C003AA556 /* ClientDebugViewController.swift */,
				EEDDAC7C1E40ED84007D4056 /* StudyTableViewController.swift */,
				EEDDAC8F1E40EF51007D4056 /* ShareTableViewController.swift */,
				EEB833741E6886930084E030 /* LockableTabBarController.swift */,
				EE5074C21DE892B300A0C73F /* UIViewController+Utilities.swift */,
			);
			path = ViewController;
			sourceTree = "<group>";
		};
		EE14E7CD1DD18921009F8736 /* Frameworks */ = {
			isa = PBXGroup;
			children = (
				EEB82F351E66D5AF0084E030 /* SystemConfiguration.framework */,
				EEB82F331E66D59E0084E030 /* CFNetwork.framework */,
				EEB82F311E66D5940084E030 /* AssetsLibrary.framework */,
				EEB82F281E66C3CE0084E030 /* Smooch.framework */,
				EE429DB61E65791000BC6F67 /* CryptoSwift.framework */,
				EE87B2CF1E081D9700719A71 /* AVFoundation.framework */,
				EE0F35211E02FCA7003AA556 /* HealthKit.framework */,
			);
			name = Frameworks;
			sourceTree = "<group>";
		};
		EE14E7DC1DD27CF7009F8736 /* Profile */ = {
			isa = PBXGroup;
			children = (
				EE14E7DD1DD27D08009F8736 /* ProfileManager.swift */,
				EE2011A31E4E0A0900913FA7 /* ProfilePersister.swift */,
				EE2011A51E4E0B5800913FA7 /* ProfilePersisterToFile.swift */,
				EE252D051DED7A4C008F5E3E /* ProfileManagerSettings.swift */,
				EE492CD21E2E6F470043D531 /* ProfileLink.swift */,
				EE4560F91E79863000B36BC3 /* ProfileTaskHandler.swift */,
				EEEC786E1DEC291C00E7020C /* User.swift */,
				EEEC78721DEC2B6600E7020C /* UserTask.swift */,
				EE252D0B1DEDCC5A008F5E3E /* UserTaskSetting.swift */,
				EE0B32871DF1B191009F9939 /* UserTaskPreparer.swift */,
				EE45610B1E79871F00B36BC3 /* UserActivityTaskHandler.swift */,
				EEEC786C1DEC28E800E7020C /* AppUser.swift */,
				EEEC78701DEC2B4F00E7020C /* AppUserTask.swift */,
				EE252D011DED7196008F5E3E /* NotificationManager.swift */,
				EE252D021DED7196008F5E3E /* UserNotificationManager.swift */,
			);
			path = Profile;
			sourceTree = "<group>";
		};
		EE7B36D41E543ACB007B1D73 /* c-tracker-sccs-content */ = {
			isa = PBXGroup;
			children = (
				EE7B36D51E543ACB007B1D73 /* AppStoreDescription.txt */,
			);
			path = "c-tracker-sccs-content";
			sourceTree = SOURCE_ROOT;
		};
		EE86F4251E0001AD00922994 /* Products */ = {
			isa = PBXGroup;
			children = (
				EE86F42A1E0001AD00922994 /* C3PRO.framework */,
				EE86F42C1E0001AD00922994 /* C3PROTests.xctest */,
			);
			name = Products;
			sourceTree = "<group>";
		};
		EE86F42E1E0001B500922994 /* Products */ = {
			isa = PBXGroup;
			children = (
				EE86F4351E0001B600922994 /* SMART.framework */,
				EE86F4371E0001B600922994 /* SwiftSMART-iOSTests.xctest */,
				EE86F4391E0001B600922994 /* SMART.framework */,
				EE86F43B1E0001B600922994 /* SwiftSMART-macOSTests.xctest */,
			);
			name = Products;
			sourceTree = "<group>";
		};
		EE86F43D1E0001BC00922994 /* Products */ = {
			isa = PBXGroup;
			children = (
				EE86F4471E0001BC00922994 /* SQLite.framework */,
				EE86F4491E0001BC00922994 /* SQLiteTests iOS.xctest */,
				EE86F44B1E0001BC00922994 /* SQLite.framework */,
				EE86F44D1E0001BC00922994 /* SQLiteTests Mac.xctest */,
				EE86F44F1E0001BC00922994 /* SQLite.framework */,
				EE86F4511E0001BC00922994 /* SQLiteTests tvOS.xctest */,
				EE86F4531E0001BC00922994 /* SQLite.framework */,
			);
			name = Products;
			sourceTree = "<group>";
		};
		EE86F4551E0001C700922994 /* Products */ = {
			isa = PBXGroup;
			children = (
				EE86F45B1E0001C800922994 /* ResearchKit.framework */,
				EE86F45D1E0001C800922994 /* ResearchKitTests.xctest */,
			);
			name = Products;
			sourceTree = "<group>";
		};
		EE86F4681E0001D600922994 /* Products */ = {
			isa = PBXGroup;
			children = (
				EE86F4701E0001D600922994 /* JWT.framework */,
				EE86F4721E0001D600922994 /* JWT.framework */,
				EE86F4741E0001D600922994 /* JWT.framework */,
				EE86F4761E0001D600922994 /* JWT.framework */,
				EE86F4781E0001D600922994 /* JWTTests.xctest */,
			);
			name = Products;
			sourceTree = "<group>";
		};
		EE87B2A71E081AF100719A71 /* Scan */ = {
			isa = PBXGroup;
			children = (
				EE87B2B91E081B2C00719A71 /* QRCodeScanner.swift */,
			);
			path = Scan;
			sourceTree = "<group>";
		};
		EEB82F181E6589180084E030 /* UI */ = {
			isa = PBXGroup;
			children = (
				EE14E7A91DD0CAAA009F8736 /* LaunchScreen.storyboard */,
				EEB8336B1E686FCD0084E030 /* StudyIntro.storyboard */,
				EE14E7A41DD0CAAA009F8736 /* Main.storyboard */,
				EE14E7A71DD0CAAA009F8736 /* Assets.xcassets */,
				EE7B36DB1E544135007B1D73 /* Style.css */,
				EEB833781E688DD50084E030 /* StudyOverview.json */,
				EE7B36E51E5449BB007B1D73 /* AboutHepC.html */,
				EE7B36E71E5449BB007B1D73 /* AboutSCCS.html */,
				EEB82F191E65E7360084E030 /* AboutTheStudy.html */,
				EEB833871E6898FC0084E030 /* HowItWorks.html */,
				EEB833891E6898FC0084E030 /* StudyAndHowItWorks.html */,
				EE7B36E11E544233007B1D73 /* PrivacyPolicy.html */,
				EEAEA1341E78497000C29EC3 /* LicenseAgreement.html */,
				EEB82F1B1E65E7360084E030 /* WhoCanParticipate.html */,
				EEB833621E685E890084E030 /* Hepatitis-Flyer-2016.pdf */,
				EE0F35161E02E68A003AA556 /* Licenses */,
			);
			name = UI;
			sourceTree = "<group>";
		};
/* End PBXGroup section */

/* Begin PBXNativeTarget section */
		EE14E79A1DD0CAAA009F8736 /* C Tracker SCCS */ = {
			isa = PBXNativeTarget;
			buildConfigurationList = EE14E7AF1DD0CAAA009F8736 /* Build configuration list for PBXNativeTarget "C Tracker SCCS" */;
			buildPhases = (
				EE492CE81E2E8DF60043D531 /* Run Script (check config files) */,
				EEECC2271DECE04C005645B8 /* Run Preflight */,
				EE14E7971DD0CAAA009F8736 /* Sources */,
				EE14E7981DD0CAAA009F8736 /* Frameworks */,
				EE14E7991DD0CAAA009F8736 /* Resources */,
				EEECC2291DECE0EF005645B8 /* Run Postflight */,
				EE429DB81E65791B00BC6F67 /* Run Script [carthage copy-frameworks] */,
				EE86F4B91E00029C00922994 /* Embed Frameworks */,
			);
			buildRules = (
			);
			dependencies = (
				EE86F4841E0001FE00922994 /* PBXTargetDependency */,
				EE86F48F1E00024200922994 /* PBXTargetDependency */,
				EE86F4931E00024200922994 /* PBXTargetDependency */,
				EE86F4971E00024200922994 /* PBXTargetDependency */,
				EE86F49B1E00024200922994 /* PBXTargetDependency */,
				EE86F4A61E00029B00922994 /* PBXTargetDependency */,
				EE86F4AA1E00029B00922994 /* PBXTargetDependency */,
				EE86F4AE1E00029B00922994 /* PBXTargetDependency */,
				EE86F4B21E00029B00922994 /* PBXTargetDependency */,
				EE86F4B61E00029B00922994 /* PBXTargetDependency */,
			);
			name = "C Tracker SCCS";
			productName = "C Tracker SCCS";
			productReference = EE14E79B1DD0CAAA009F8736 /* C Tracker.app */;
			productType = "com.apple.product-type.application";
		};
/* End PBXNativeTarget section */

/* Begin PBXProject section */
		EE14E7931DD0CAAA009F8736 /* Project object */ = {
			isa = PBXProject;
			attributes = {
				LastSwiftUpdateCheck = 0810;
				LastUpgradeCheck = 0820;
				ORGANIZATIONNAME = SCCS;
				TargetAttributes = {
					EE14E79A1DD0CAAA009F8736 = {
						CreatedOnToolsVersion = 8.1;
						ProvisioningStyle = Automatic;
						SystemCapabilities = {
							com.apple.BackgroundModes = {
								enabled = 1;
							};
							com.apple.DataProtection = {
								enabled = 1;
							};
							com.apple.HealthKit = {
								enabled = 1;
							};
						};
					};
				};
			};
			buildConfigurationList = EE14E7961DD0CAAA009F8736 /* Build configuration list for PBXProject "C-Tracker-SCCS" */;
			compatibilityVersion = "Xcode 8.0";
			developmentRegion = English;
			hasScannedForEncodings = 0;
			knownRegions = (
				en,
				Base,
				de,
				fr,
			);
			mainGroup = EE14E7921DD0CAAA009F8736;
			productRefGroup = EE14E79C1DD0CAAA009F8736 /* Products */;
			projectDirPath = "";
			projectReferences = (
				{
					ProductGroup = EE86F4251E0001AD00922994 /* Products */;
					ProjectRef = EE86F4241E0001AD00922994 /* C3PRO.xcodeproj */;
				},
				{
					ProductGroup = EE86F4681E0001D600922994 /* Products */;
					ProjectRef = EE86F4671E0001D600922994 /* JWT.xcodeproj */;
				},
				{
					ProductGroup = EE86F4551E0001C700922994 /* Products */;
					ProjectRef = EE86F4541E0001C700922994 /* ResearchKit.xcodeproj */;
				},
				{
					ProductGroup = EE86F43D1E0001BC00922994 /* Products */;
					ProjectRef = EE86F43C1E0001BC00922994 /* SQLite.xcodeproj */;
				},
				{
					ProductGroup = EE86F42E1E0001B500922994 /* Products */;
					ProjectRef = EE86F42D1E0001B500922994 /* SwiftSMART.xcodeproj */;
				},
			);
			projectRoot = "";
			targets = (
				EE14E79A1DD0CAAA009F8736 /* C Tracker SCCS */,
			);
		};
/* End PBXProject section */

/* Begin PBXReferenceProxy section */
		EE86F42A1E0001AD00922994 /* C3PRO.framework */ = {
			isa = PBXReferenceProxy;
			fileType = wrapper.framework;
			path = C3PRO.framework;
			remoteRef = EE86F4291E0001AD00922994 /* PBXContainerItemProxy */;
			sourceTree = BUILT_PRODUCTS_DIR;
		};
		EE86F42C1E0001AD00922994 /* C3PROTests.xctest */ = {
			isa = PBXReferenceProxy;
			fileType = wrapper.cfbundle;
			path = C3PROTests.xctest;
			remoteRef = EE86F42B1E0001AD00922994 /* PBXContainerItemProxy */;
			sourceTree = BUILT_PRODUCTS_DIR;
		};
		EE86F4351E0001B600922994 /* SMART.framework */ = {
			isa = PBXReferenceProxy;
			fileType = wrapper.framework;
			path = SMART.framework;
			remoteRef = EE86F4341E0001B600922994 /* PBXContainerItemProxy */;
			sourceTree = BUILT_PRODUCTS_DIR;
		};
		EE86F4371E0001B600922994 /* SwiftSMART-iOSTests.xctest */ = {
			isa = PBXReferenceProxy;
			fileType = wrapper.cfbundle;
			path = "SwiftSMART-iOSTests.xctest";
			remoteRef = EE86F4361E0001B600922994 /* PBXContainerItemProxy */;
			sourceTree = BUILT_PRODUCTS_DIR;
		};
		EE86F4391E0001B600922994 /* SMART.framework */ = {
			isa = PBXReferenceProxy;
			fileType = wrapper.framework;
			path = SMART.framework;
			remoteRef = EE86F4381E0001B600922994 /* PBXContainerItemProxy */;
			sourceTree = BUILT_PRODUCTS_DIR;
		};
		EE86F43B1E0001B600922994 /* SwiftSMART-macOSTests.xctest */ = {
			isa = PBXReferenceProxy;
			fileType = wrapper.cfbundle;
			path = "SwiftSMART-macOSTests.xctest";
			remoteRef = EE86F43A1E0001B600922994 /* PBXContainerItemProxy */;
			sourceTree = BUILT_PRODUCTS_DIR;
		};
		EE86F4471E0001BC00922994 /* SQLite.framework */ = {
			isa = PBXReferenceProxy;
			fileType = wrapper.framework;
			path = SQLite.framework;
			remoteRef = EE86F4461E0001BC00922994 /* PBXContainerItemProxy */;
			sourceTree = BUILT_PRODUCTS_DIR;
		};
		EE86F4491E0001BC00922994 /* SQLiteTests iOS.xctest */ = {
			isa = PBXReferenceProxy;
			fileType = wrapper.cfbundle;
			path = "SQLiteTests iOS.xctest";
			remoteRef = EE86F4481E0001BC00922994 /* PBXContainerItemProxy */;
			sourceTree = BUILT_PRODUCTS_DIR;
		};
		EE86F44B1E0001BC00922994 /* SQLite.framework */ = {
			isa = PBXReferenceProxy;
			fileType = wrapper.framework;
			path = SQLite.framework;
			remoteRef = EE86F44A1E0001BC00922994 /* PBXContainerItemProxy */;
			sourceTree = BUILT_PRODUCTS_DIR;
		};
		EE86F44D1E0001BC00922994 /* SQLiteTests Mac.xctest */ = {
			isa = PBXReferenceProxy;
			fileType = wrapper.cfbundle;
			path = "SQLiteTests Mac.xctest";
			remoteRef = EE86F44C1E0001BC00922994 /* PBXContainerItemProxy */;
			sourceTree = BUILT_PRODUCTS_DIR;
		};
		EE86F44F1E0001BC00922994 /* SQLite.framework */ = {
			isa = PBXReferenceProxy;
			fileType = wrapper.framework;
			path = SQLite.framework;
			remoteRef = EE86F44E1E0001BC00922994 /* PBXContainerItemProxy */;
			sourceTree = BUILT_PRODUCTS_DIR;
		};
		EE86F4511E0001BC00922994 /* SQLiteTests tvOS.xctest */ = {
			isa = PBXReferenceProxy;
			fileType = wrapper.cfbundle;
			path = "SQLiteTests tvOS.xctest";
			remoteRef = EE86F4501E0001BC00922994 /* PBXContainerItemProxy */;
			sourceTree = BUILT_PRODUCTS_DIR;
		};
		EE86F4531E0001BC00922994 /* SQLite.framework */ = {
			isa = PBXReferenceProxy;
			fileType = wrapper.framework;
			path = SQLite.framework;
			remoteRef = EE86F4521E0001BC00922994 /* PBXContainerItemProxy */;
			sourceTree = BUILT_PRODUCTS_DIR;
		};
		EE86F45B1E0001C800922994 /* ResearchKit.framework */ = {
			isa = PBXReferenceProxy;
			fileType = wrapper.framework;
			path = ResearchKit.framework;
			remoteRef = EE86F45A1E0001C800922994 /* PBXContainerItemProxy */;
			sourceTree = BUILT_PRODUCTS_DIR;
		};
		EE86F45D1E0001C800922994 /* ResearchKitTests.xctest */ = {
			isa = PBXReferenceProxy;
			fileType = wrapper.cfbundle;
			path = ResearchKitTests.xctest;
			remoteRef = EE86F45C1E0001C800922994 /* PBXContainerItemProxy */;
			sourceTree = BUILT_PRODUCTS_DIR;
		};
		EE86F4701E0001D600922994 /* JWT.framework */ = {
			isa = PBXReferenceProxy;
			fileType = wrapper.framework;
			path = JWT.framework;
			remoteRef = EE86F46F1E0001D600922994 /* PBXContainerItemProxy */;
			sourceTree = BUILT_PRODUCTS_DIR;
		};
		EE86F4721E0001D600922994 /* JWT.framework */ = {
			isa = PBXReferenceProxy;
			fileType = wrapper.framework;
			path = JWT.framework;
			remoteRef = EE86F4711E0001D600922994 /* PBXContainerItemProxy */;
			sourceTree = BUILT_PRODUCTS_DIR;
		};
		EE86F4741E0001D600922994 /* JWT.framework */ = {
			isa = PBXReferenceProxy;
			fileType = wrapper.framework;
			path = JWT.framework;
			remoteRef = EE86F4731E0001D600922994 /* PBXContainerItemProxy */;
			sourceTree = BUILT_PRODUCTS_DIR;
		};
		EE86F4761E0001D600922994 /* JWT.framework */ = {
			isa = PBXReferenceProxy;
			fileType = wrapper.framework;
			path = JWT.framework;
			remoteRef = EE86F4751E0001D600922994 /* PBXContainerItemProxy */;
			sourceTree = BUILT_PRODUCTS_DIR;
		};
		EE86F4781E0001D600922994 /* JWTTests.xctest */ = {
			isa = PBXReferenceProxy;
			fileType = wrapper.cfbundle;
			path = JWTTests.xctest;
			remoteRef = EE86F4771E0001D600922994 /* PBXContainerItemProxy */;
			sourceTree = BUILT_PRODUCTS_DIR;
		};
/* End PBXReferenceProxy section */

/* Begin PBXResourcesBuildPhase section */
		EE14E7991DD0CAAA009F8736 /* Resources */ = {
			isa = PBXResourcesBuildPhase;
			buildActionMask = 2147483647;
			files = (
				EE7B36E31E544233007B1D73 /* PrivacyPolicy.html in Resources */,
				EEB8336D1E686FCD0084E030 /* StudyIntro.storyboard in Resources */,
				EE14E7AB1DD0CAAA009F8736 /* LaunchScreen.storyboard in Resources */,
				EE7B36EA1E5449BB007B1D73 /* AboutSCCS.html in Resources */,
				EE7B36DC1E544135007B1D73 /* Style.css in Resources */,
				EEB82F2C1E66D37D0084E030 /* SmoochLocalizable.strings in Resources */,
				EE0B328E1DF1CAC0009F9939 /* c-tracker.survey-in-app.main.json in Resources */,
				EE7B36E91E5449BB007B1D73 /* AboutHepC.html in Resources */,
				EE98525D1E3A1C5000A88D72 /* Localizable.strings in Resources */,
				EEB82F1E1E65E7360084E030 /* WhoCanParticipate.html in Resources */,
				EE98D2A51E0160EC001BC845 /* ProfileSettingsDebug.json in Resources */,
				EEAEA1361E78497000C29EC3 /* LicenseAgreement.html in Resources */,
				EEFC6B331DF5CCB900D03A84 /* c-tracker.survey-in-app.withdrawal.json in Resources */,
				EEB833641E685E890084E030 /* Hepatitis-Flyer-2016.pdf in Resources */,
				EEB8338B1E6898FC0084E030 /* HowItWorks.html in Resources */,
				EE14E7A81DD0CAAA009F8736 /* Assets.xcassets in Resources */,
				EEB82F1D1E65E7360084E030 /* AboutTheStudy.html in Resources */,
				EE252D0A1DED87BC008F5E3E /* ProfileSettings.json in Resources */,
				EE7B36D91E543ACB007B1D73 /* AppStoreDescription.txt in Resources */,
				EEB833761E688DD50084E030 /* StudyOverview.json in Resources */,
				EE0F35171E02E68A003AA556 /* Licenses in Resources */,
				EEB8338C1E6898FC0084E030 /* StudyAndHowItWorks.html in Resources */,
				EE957D581E044156004FADB4 /* InfoPlist.strings in Resources */,
				EE14E7A61DD0CAAA009F8736 /* Main.storyboard in Resources */,
			);
			runOnlyForDeploymentPostprocessing = 0;
		};
/* End PBXResourcesBuildPhase section */

/* Begin PBXShellScriptBuildPhase section */
		EE429DB81E65791B00BC6F67 /* Run Script [carthage copy-frameworks] */ = {
			isa = PBXShellScriptBuildPhase;
			buildActionMask = 2147483647;
			files = (
			);
			inputPaths = (
				"$(SRCROOT)/Carthage/Build/iOS/CryptoSwift.framework",
				"$(SRCROOT)/Carthage/Build/iOS/Smooch.framework",
			);
			name = "Run Script [carthage copy-frameworks]";
			outputPaths = (
			);
			runOnlyForDeploymentPostprocessing = 0;
			shellPath = /bin/sh;
			shellScript = "/usr/local/bin/carthage copy-frameworks";
		};
		EE492CE81E2E8DF60043D531 /* Run Script (check config files) */ = {
			isa = PBXShellScriptBuildPhase;
			buildActionMask = 2147483647;
			files = (
			);
			inputPaths = (
			);
			name = "Run Script (check config files)";
			outputPaths = (
			);
			runOnlyForDeploymentPostprocessing = 0;
			shellPath = /bin/sh;
			shellScript = "if [[ ! -e ./Configuration_Debug.swift ]]; then cp ./Configuration.swift ./Configuration_Debug.swift; fi\nif [[ ! -e ./Configuration_Release.swift ]]; then cp ./Configuration.swift ./Configuration_Release.swift; fi";
			showEnvVarsInLog = 0;
		};
		EEECC2271DECE04C005645B8 /* Run Preflight */ = {
			isa = PBXShellScriptBuildPhase;
			buildActionMask = 2147483647;
			files = (
			);
			inputPaths = (
			);
			name = "Run Preflight";
			outputPaths = (
			);
			runOnlyForDeploymentPostprocessing = 0;
			shellPath = /bin/sh;
			shellScript = "./preflight.sh\n";
		};
		EEECC2291DECE0EF005645B8 /* Run Postflight */ = {
			isa = PBXShellScriptBuildPhase;
			buildActionMask = 2147483647;
			files = (
			);
			inputPaths = (
			);
			name = "Run Postflight";
			outputPaths = (
			);
			runOnlyForDeploymentPostprocessing = 0;
			shellPath = /bin/sh;
			shellScript = "./postflight.sh\n";
		};
/* End PBXShellScriptBuildPhase section */

/* Begin PBXSourcesBuildPhase section */
		EE14E7971DD0CAAA009F8736 /* Sources */ = {
			isa = PBXSourcesBuildPhase;
			buildActionMask = 2147483647;
			files = (
				EEEC78731DEC2B6600E7020C /* UserTask.swift in Sources */,
				EE0F34F81E02E61C003AA556 /* MedicalInfoViewController.swift in Sources */,
				EEEC786F1DEC291C00E7020C /* User.swift in Sources */,
				EE0F34F91E02E61C003AA556 /* NotificationsViewController.swift in Sources */,
				EE14E7C41DD0DF79009F8736 /* String+Extensions.swift in Sources */,
				EE252D001DED718B008F5E3E /* UIColor+C3PRO.swift in Sources */,
				EE0F351B1E02F1C8003AA556 /* HeightPicker.swift in Sources */,
				EEDDAC7D1E40ED84007D4056 /* StudyTableViewController.swift in Sources */,
				EE14E7DE1DD27D08009F8736 /* ProfileManager.swift in Sources */,
				EE0F35191E02F1BF003AA556 /* GenderPicker.swift in Sources */,
				EE252D061DED7A4C008F5E3E /* ProfileManagerSettings.swift in Sources */,
				EEB833751E6886930084E030 /* LockableTabBarController.swift in Sources */,
				EE252D041DED7196008F5E3E /* UserNotificationManager.swift in Sources */,
				EEEC78711DEC2B4F00E7020C /* AppUserTask.swift in Sources */,
				EE252D081DED81A3008F5E3E /* AppError.swift in Sources */,
				EE14E7C21DD0D23F009F8736 /* LinkViewController.swift in Sources */,
				EE2011A61E4E0B5800913FA7 /* ProfilePersisterToFile.swift in Sources */,
				EEEC786B1DEC25BE00E7020C /* RootViewController.swift in Sources */,
				EE14E7C01DD0D236009F8736 /* ConfirmViewController.swift in Sources */,
				EE4560FA1E79863000B36BC3 /* ProfileTaskHandler.swift in Sources */,
				EE492CE61E2E7CC60043D531 /* EstablishViewController.swift in Sources */,
				EE0B32881DF1B191009F9939 /* UserTaskPreparer.swift in Sources */,
				EE87B2BA1E081B2C00719A71 /* QRCodeScanner.swift in Sources */,
				EE0F34FB1E02E61C003AA556 /* ClientDebugViewController.swift in Sources */,
				EE14E7BA1DD0CBBE009F8736 /* WelcomeViewController.swift in Sources */,
				EE45610C1E79871F00B36BC3 /* UserActivityTaskHandler.swift in Sources */,
				EE2011A41E4E0A0900913FA7 /* ProfilePersister.swift in Sources */,
				EE14E7B91DD0CBBE009F8736 /* AppDelegate.swift in Sources */,
				EEECC2241DECDF2C005645B8 /* Configuration.swift in Sources */,
				EEEC78671DEC258100E7020C /* ProfileViewController.swift in Sources */,
				EEEC786D1DEC28E800E7020C /* AppUser.swift in Sources */,
				EEEC78691DEC258B00E7020C /* DashboardViewController.swift in Sources */,
				EE252D0C1DEDCC5A008F5E3E /* UserTaskSetting.swift in Sources */,
				EE0F34FA1E02E61C003AA556 /* LicenseViewController.swift in Sources */,
				EE252D031DED7196008F5E3E /* NotificationManager.swift in Sources */,
				EEEC78791DEC3DDA00E7020C /* GraphDataSource.swift in Sources */,
				EE492CD31E2E6F470043D531 /* ProfileLink.swift in Sources */,
				EE5074C31DE892B300A0C73F /* UIViewController+Utilities.swift in Sources */,
				EEDDAC901E40EF51007D4056 /* ShareTableViewController.swift in Sources */,
			);
			runOnlyForDeploymentPostprocessing = 0;
		};
/* End PBXSourcesBuildPhase section */

/* Begin PBXTargetDependency section */
		EE86F4841E0001FE00922994 /* PBXTargetDependency */ = {
			isa = PBXTargetDependency;
			name = "JWT-iOS";
			targetProxy = EE86F4831E0001FE00922994 /* PBXContainerItemProxy */;
		};
		EE86F48F1E00024200922994 /* PBXTargetDependency */ = {
			isa = PBXTargetDependency;
			name = C3PRO;
			targetProxy = EE86F48E1E00024200922994 /* PBXContainerItemProxy */;
		};
		EE86F4931E00024200922994 /* PBXTargetDependency */ = {
			isa = PBXTargetDependency;
			name = "SwiftSMART-iOS";
			targetProxy = EE86F4921E00024200922994 /* PBXContainerItemProxy */;
		};
		EE86F4971E00024200922994 /* PBXTargetDependency */ = {
			isa = PBXTargetDependency;
			name = "SQLite iOS";
			targetProxy = EE86F4961E00024200922994 /* PBXContainerItemProxy */;
		};
		EE86F49B1E00024200922994 /* PBXTargetDependency */ = {
			isa = PBXTargetDependency;
			name = ResearchKit;
			targetProxy = EE86F49A1E00024200922994 /* PBXContainerItemProxy */;
		};
		EE86F4A61E00029B00922994 /* PBXTargetDependency */ = {
			isa = PBXTargetDependency;
			name = C3PRO;
			targetProxy = EE86F4A51E00029B00922994 /* PBXContainerItemProxy */;
		};
		EE86F4AA1E00029B00922994 /* PBXTargetDependency */ = {
			isa = PBXTargetDependency;
			name = "SwiftSMART-iOS";
			targetProxy = EE86F4A91E00029B00922994 /* PBXContainerItemProxy */;
		};
		EE86F4AE1E00029B00922994 /* PBXTargetDependency */ = {
			isa = PBXTargetDependency;
			name = "SQLite iOS";
			targetProxy = EE86F4AD1E00029B00922994 /* PBXContainerItemProxy */;
		};
		EE86F4B21E00029B00922994 /* PBXTargetDependency */ = {
			isa = PBXTargetDependency;
			name = ResearchKit;
			targetProxy = EE86F4B11E00029B00922994 /* PBXContainerItemProxy */;
		};
		EE86F4B61E00029B00922994 /* PBXTargetDependency */ = {
			isa = PBXTargetDependency;
			name = "JWT-iOS";
			targetProxy = EE86F4B51E00029B00922994 /* PBXContainerItemProxy */;
		};
/* End PBXTargetDependency section */

/* Begin PBXVariantGroup section */
		EE14E7A41DD0CAAA009F8736 /* Main.storyboard */ = {
			isa = PBXVariantGroup;
			children = (
				EE14E7A51DD0CAAA009F8736 /* Base */,
				EEB833841E6893CE0084E030 /* de */,
				EEB833861E6893DE0084E030 /* fr */,
			);
			name = Main.storyboard;
			path = App;
			sourceTree = "<group>";
		};
		EE14E7A91DD0CAAA009F8736 /* LaunchScreen.storyboard */ = {
			isa = PBXVariantGroup;
			children = (
				EE14E7AA1DD0CAAA009F8736 /* Base */,
				EE957D531E042B94004FADB4 /* de */,
				EE9852571E3A110600A88D72 /* fr */,
			);
			name = LaunchScreen.storyboard;
			path = App;
			sourceTree = "<group>";
		};
		EE7B36D51E543ACB007B1D73 /* AppStoreDescription.txt */ = {
			isa = PBXVariantGroup;
			children = (
				EE7B36D61E543ACB007B1D73 /* de */,
				EE7B36D71E543ACB007B1D73 /* en */,
			);
			name = AppStoreDescription.txt;
			sourceTree = "<group>";
		};
		EE7B36E11E544233007B1D73 /* PrivacyPolicy.html */ = {
			isa = PBXVariantGroup;
			children = (
				EE7B36E21E544233007B1D73 /* en */,
				EE7B36E41E544237007B1D73 /* de */,
			);
			name = PrivacyPolicy.html;
			path = App;
			sourceTree = "<group>";
		};
		EE7B36E51E5449BB007B1D73 /* AboutHepC.html */ = {
			isa = PBXVariantGroup;
			children = (
				EE7B36E61E5449BB007B1D73 /* en */,
				EE7B36EB1E5449C2007B1D73 /* de */,
			);
			name = AboutHepC.html;
			path = App;
			sourceTree = "<group>";
		};
		EE7B36E71E5449BB007B1D73 /* AboutSCCS.html */ = {
			isa = PBXVariantGroup;
			children = (
				EE7B36E81E5449BB007B1D73 /* en */,
				EE7B36EC1E5449C8007B1D73 /* de */,
			);
			name = AboutSCCS.html;
			path = App;
			sourceTree = "<group>";
		};
		EE957D5A1E044156004FADB4 /* InfoPlist.strings */ = {
			isa = PBXVariantGroup;
			children = (
				EE957D591E044156004FADB4 /* en */,
				EE957D5B1E044159004FADB4 /* de */,
				EE9852591E3A110700A88D72 /* fr */,
			);
			name = InfoPlist.strings;
			sourceTree = "<group>";
		};
		EE98525B1E3A1C5000A88D72 /* Localizable.strings */ = {
			isa = PBXVariantGroup;
			children = (
				EE98525C1E3A1C5000A88D72 /* en */,
				EE98525E1E3A1C5600A88D72 /* de */,
				EE98525F1E3A1C5900A88D72 /* fr */,
			);
			name = Localizable.strings;
			sourceTree = "<group>";
		};
		EEAEA1341E78497000C29EC3 /* LicenseAgreement.html */ = {
			isa = PBXVariantGroup;
			children = (
				EEAEA1351E78497000C29EC3 /* de */,
				EEAEA1471E78497800C29EC3 /* en */,
				EEAEA1481E78497A00C29EC3 /* fr */,
			);
			name = LicenseAgreement.html;
			sourceTree = "<group>";
		};
		EEB82F191E65E7360084E030 /* AboutTheStudy.html */ = {
			isa = PBXVariantGroup;
			children = (
				EEB82F1A1E65E7360084E030 /* en */,
				EEB82F1F1E65E7490084E030 /* de */,
				EEB82F201E65E74C0084E030 /* fr */,
			);
			name = AboutTheStudy.html;
			sourceTree = "<group>";
		};
		EEB82F1B1E65E7360084E030 /* WhoCanParticipate.html */ = {
			isa = PBXVariantGroup;
			children = (
				EEB82F1C1E65E7360084E030 /* en */,
				EEB82F211E65E7500084E030 /* de */,
				EEB82F221E65E7530084E030 /* fr */,
			);
			name = WhoCanParticipate.html;
			sourceTree = "<group>";
		};
		EEB82F2E1E66D37D0084E030 /* SmoochLocalizable.strings */ = {
			isa = PBXVariantGroup;
			children = (
				EEB82F2D1E66D37D0084E030 /* en */,
				EEB82F2F1E66D37E0084E030 /* de */,
				EEB82F301E66D3800084E030 /* fr */,
			);
			name = SmoochLocalizable.strings;
			sourceTree = "<group>";
		};
		EEB833621E685E890084E030 /* Hepatitis-Flyer-2016.pdf */ = {
			isa = PBXVariantGroup;
			children = (
				EEB833631E685E890084E030 /* de */,
				EEB833651E685E900084E030 /* en */,
				EEB833661E685E930084E030 /* fr */,
			);
			name = "Hepatitis-Flyer-2016.pdf";
			sourceTree = "<group>";
		};
		EEB8336B1E686FCD0084E030 /* StudyIntro.storyboard */ = {
			isa = PBXVariantGroup;
			children = (
				EEB8336C1E686FCD0084E030 /* Base */,
				EEB8337E1E688F420084E030 /* de */,
				EEB833811E6891C10084E030 /* fr */,
			);
			name = StudyIntro.storyboard;
			sourceTree = "<group>";
		};
		EEB833781E688DD50084E030 /* StudyOverview.json */ = {
			isa = PBXVariantGroup;
			children = (
				EEB833771E688DD50084E030 /* en */,
				EEB8337F1E688FA30084E030 /* de */,
				EEB833821E6891F40084E030 /* fr */,
			);
			name = StudyOverview.json;
			path = App;
			sourceTree = "<group>";
		};
		EEB833871E6898FC0084E030 /* HowItWorks.html */ = {
			isa = PBXVariantGroup;
			children = (
				EEB833881E6898FC0084E030 /* en */,
				EEB8338D1E6899050084E030 /* de */,
				EEB8338E1E6899080084E030 /* fr */,
			);
			name = HowItWorks.html;
			sourceTree = "<group>";
		};
		EEB833891E6898FC0084E030 /* StudyAndHowItWorks.html */ = {
			isa = PBXVariantGroup;
			children = (
				EEB8338A1E6898FC0084E030 /* en */,
				EEB8338F1E68990F0084E030 /* de */,
				EEB833901E6899120084E030 /* fr */,
			);
			name = StudyAndHowItWorks.html;
			sourceTree = "<group>";
		};
/* End PBXVariantGroup section */

/* Begin XCBuildConfiguration section */
		EE14E7AD1DD0CAAA009F8736 /* Debug */ = {
			isa = XCBuildConfiguration;
			buildSettings = {
				ALWAYS_SEARCH_USER_PATHS = NO;
				CLANG_ANALYZER_LOCALIZABILITY_NONLOCALIZED = YES;
				CLANG_ANALYZER_NONNULL = YES;
				CLANG_CXX_LANGUAGE_STANDARD = "gnu++0x";
				CLANG_CXX_LIBRARY = "libc++";
				CLANG_ENABLE_MODULES = YES;
				CLANG_ENABLE_OBJC_ARC = YES;
				CLANG_WARN_BOOL_CONVERSION = YES;
				CLANG_WARN_CONSTANT_CONVERSION = YES;
				CLANG_WARN_DIRECT_OBJC_ISA_USAGE = YES_ERROR;
				CLANG_WARN_DOCUMENTATION_COMMENTS = YES;
				CLANG_WARN_EMPTY_BODY = YES;
				CLANG_WARN_ENUM_CONVERSION = YES;
				CLANG_WARN_INFINITE_RECURSION = YES;
				CLANG_WARN_INT_CONVERSION = YES;
				CLANG_WARN_OBJC_ROOT_CLASS = YES_ERROR;
				CLANG_WARN_SUSPICIOUS_MOVE = YES;
				CLANG_WARN_SUSPICIOUS_MOVES = YES;
				CLANG_WARN_UNREACHABLE_CODE = YES;
				CLANG_WARN__DUPLICATE_METHOD_MATCH = YES;
				"CODE_SIGN_IDENTITY[sdk=iphoneos*]" = "iPhone Developer";
				COPY_PHASE_STRIP = NO;
				DEBUG_INFORMATION_FORMAT = dwarf;
				ENABLE_STRICT_OBJC_MSGSEND = YES;
				ENABLE_TESTABILITY = YES;
				GCC_C_LANGUAGE_STANDARD = gnu99;
				GCC_DYNAMIC_NO_PIC = NO;
				GCC_NO_COMMON_BLOCKS = YES;
				GCC_OPTIMIZATION_LEVEL = 0;
				GCC_PREPROCESSOR_DEFINITIONS = (
					"DEBUG=1",
					"$(inherited)",
				);
				GCC_WARN_64_TO_32_BIT_CONVERSION = YES;
				GCC_WARN_ABOUT_RETURN_TYPE = YES_ERROR;
				GCC_WARN_UNDECLARED_SELECTOR = YES;
				GCC_WARN_UNINITIALIZED_AUTOS = YES_AGGRESSIVE;
				GCC_WARN_UNUSED_FUNCTION = YES;
				GCC_WARN_UNUSED_VARIABLE = YES;
				IPHONEOS_DEPLOYMENT_TARGET = 9.2;
				MTL_ENABLE_DEBUG_INFO = YES;
				ONLY_ACTIVE_ARCH = YES;
				SDKROOT = iphoneos;
				SWIFT_ACTIVE_COMPILATION_CONDITIONS = DEBUG;
				SWIFT_OPTIMIZATION_LEVEL = "-Onone";
			};
			name = Debug;
		};
		EE14E7AE1DD0CAAA009F8736 /* Release */ = {
			isa = XCBuildConfiguration;
			buildSettings = {
				ALWAYS_SEARCH_USER_PATHS = NO;
				CLANG_ANALYZER_LOCALIZABILITY_NONLOCALIZED = YES;
				CLANG_ANALYZER_NONNULL = YES;
				CLANG_CXX_LANGUAGE_STANDARD = "gnu++0x";
				CLANG_CXX_LIBRARY = "libc++";
				CLANG_ENABLE_MODULES = YES;
				CLANG_ENABLE_OBJC_ARC = YES;
				CLANG_WARN_BOOL_CONVERSION = YES;
				CLANG_WARN_CONSTANT_CONVERSION = YES;
				CLANG_WARN_DIRECT_OBJC_ISA_USAGE = YES_ERROR;
				CLANG_WARN_DOCUMENTATION_COMMENTS = YES;
				CLANG_WARN_EMPTY_BODY = YES;
				CLANG_WARN_ENUM_CONVERSION = YES;
				CLANG_WARN_INFINITE_RECURSION = YES;
				CLANG_WARN_INT_CONVERSION = YES;
				CLANG_WARN_OBJC_ROOT_CLASS = YES_ERROR;
				CLANG_WARN_SUSPICIOUS_MOVE = YES;
				CLANG_WARN_SUSPICIOUS_MOVES = YES;
				CLANG_WARN_UNREACHABLE_CODE = YES;
				CLANG_WARN__DUPLICATE_METHOD_MATCH = YES;
				"CODE_SIGN_IDENTITY[sdk=iphoneos*]" = "iPhone Developer";
				COPY_PHASE_STRIP = NO;
				DEBUG_INFORMATION_FORMAT = "dwarf-with-dsym";
				ENABLE_NS_ASSERTIONS = NO;
				ENABLE_STRICT_OBJC_MSGSEND = YES;
				GCC_C_LANGUAGE_STANDARD = gnu99;
				GCC_NO_COMMON_BLOCKS = YES;
				GCC_WARN_64_TO_32_BIT_CONVERSION = YES;
				GCC_WARN_ABOUT_RETURN_TYPE = YES_ERROR;
				GCC_WARN_UNDECLARED_SELECTOR = YES;
				GCC_WARN_UNINITIALIZED_AUTOS = YES_AGGRESSIVE;
				GCC_WARN_UNUSED_FUNCTION = YES;
				GCC_WARN_UNUSED_VARIABLE = YES;
				IPHONEOS_DEPLOYMENT_TARGET = 9.2;
				MTL_ENABLE_DEBUG_INFO = NO;
				SDKROOT = iphoneos;
				SWIFT_OPTIMIZATION_LEVEL = "-Owholemodule";
				VALIDATE_PRODUCT = YES;
			};
			name = Release;
		};
		EE14E7B01DD0CAAA009F8736 /* Debug */ = {
			isa = XCBuildConfiguration;
			buildSettings = {
				ALWAYS_EMBED_SWIFT_STANDARD_LIBRARIES = YES;
				ASSETCATALOG_COMPILER_APPICON_NAME = AppIcon;
				CODE_SIGN_ENTITLEMENTS = "C Tracker.entitlements";
				"CODE_SIGN_IDENTITY[sdk=iphoneos*]" = "iPhone Developer";
				DEVELOPMENT_TEAM = 36H974DUG4;
				FRAMEWORK_SEARCH_PATHS = (
					"$(inherited)",
					"$(PROJECT_DIR)/Carthage/Build/iOS",
				);
				INFOPLIST_FILE = App/Info.plist;
				LD_RUNPATH_SEARCH_PATHS = "$(inherited) @executable_path/Frameworks";
				OTHER_LDFLAGS = "-licucore";
				OTHER_SWIFT_FLAGS = "-DDEBUG";
				"OTHER_SWIFT_FLAGS[sdk=iphoneos*]" = "-DDEBUG";
				"OTHER_SWIFT_FLAGS[sdk=iphonesimulator*]" = "-DON_SIMULATOR -DDEBUG";
				PRODUCT_BUNDLE_IDENTIFIER = "ch.usz.c-tracker";
				PRODUCT_NAME = "C Tracker";
				SWIFT_VERSION = 3.0;
			};
			name = Debug;
		};
		EE14E7B11DD0CAAA009F8736 /* Release */ = {
			isa = XCBuildConfiguration;
			buildSettings = {
				ALWAYS_EMBED_SWIFT_STANDARD_LIBRARIES = YES;
				ASSETCATALOG_COMPILER_APPICON_NAME = AppIcon;
				CODE_SIGN_ENTITLEMENTS = "C Tracker.entitlements";
				"CODE_SIGN_IDENTITY[sdk=iphoneos*]" = "iPhone Developer";
				DEVELOPMENT_TEAM = 36H974DUG4;
				FRAMEWORK_SEARCH_PATHS = (
					"$(inherited)",
					"$(PROJECT_DIR)/Carthage/Build/iOS",
				);
				INFOPLIST_FILE = App/Info.plist;
				LD_RUNPATH_SEARCH_PATHS = "$(inherited) @executable_path/Frameworks";
				OTHER_LDFLAGS = "-licucore";
				PRODUCT_BUNDLE_IDENTIFIER = "ch.usz.c-tracker";
				PRODUCT_NAME = "C Tracker";
				SWIFT_VERSION = 3.0;
			};
			name = Release;
		};
/* End XCBuildConfiguration section */

/* Begin XCConfigurationList section */
		EE14E7961DD0CAAA009F8736 /* Build configuration list for PBXProject "C-Tracker-SCCS" */ = {
			isa = XCConfigurationList;
			buildConfigurations = (
				EE14E7AD1DD0CAAA009F8736 /* Debug */,
				EE14E7AE1DD0CAAA009F8736 /* Release */,
			);
			defaultConfigurationIsVisible = 0;
			defaultConfigurationName = Release;
		};
		EE14E7AF1DD0CAAA009F8736 /* Build configuration list for PBXNativeTarget "C Tracker SCCS" */ = {
			isa = XCConfigurationList;
			buildConfigurations = (
				EE14E7B01DD0CAAA009F8736 /* Debug */,
				EE14E7B11DD0CAAA009F8736 /* Release */,
			);
			defaultConfigurationIsVisible = 0;
			defaultConfigurationName = Release;
		};
/* End XCConfigurationList section */
	};
	rootObject = EE14E7931DD0CAAA009F8736 /* Project object */;
}
